// !$*UTF8*$!
{
	archiveVersion = 1;
	classes = {
	};
	objectVersion = 50;
	objects = {

/* Begin PBXBuildFile section */
		470C0B2924358FED00475321 /* GenresCell.swift in Sources */ = {isa = PBXBuildFile; fileRef = 470C0B2824358FED00475321 /* GenresCell.swift */; };
		471F9143242F32A100505D1C /* ExploreVC.swift in Sources */ = {isa = PBXBuildFile; fileRef = 471F9142242F32A100505D1C /* ExploreVC.swift */; };
		471F9145242F32F400505D1C /* TrendingVC.swift in Sources */ = {isa = PBXBuildFile; fileRef = 471F9144242F32F400505D1C /* TrendingVC.swift */; };
		471F9147242F330D00505D1C /* SearchVC.swift in Sources */ = {isa = PBXBuildFile; fileRef = 471F9146242F330D00505D1C /* SearchVC.swift */; };
		471F9149242F332B00505D1C /* LibraryVC.swift in Sources */ = {isa = PBXBuildFile; fileRef = 471F9148242F332B00505D1C /* LibraryVC.swift */; };
		471F914B242F334200505D1C /* SettingsVC.swift in Sources */ = {isa = PBXBuildFile; fileRef = 471F914A242F334200505D1C /* SettingsVC.swift */; };
		471F914E242F3CF100505D1C /* Constants.swift in Sources */ = {isa = PBXBuildFile; fileRef = 471F914D242F3CF100505D1C /* Constants.swift */; };
		471F9154242F400900505D1C /* GNTabBar.swift in Sources */ = {isa = PBXBuildFile; fileRef = 471F9153242F400900505D1C /* GNTabBar.swift */; };
		471F9157242F439300505D1C /* UIColor+Ext.swift in Sources */ = {isa = PBXBuildFile; fileRef = 471F9156242F439300505D1C /* UIColor+Ext.swift */; };
		471F915A242F933900505D1C /* GNTitleLabel.swift in Sources */ = {isa = PBXBuildFile; fileRef = 471F9159242F933900505D1C /* GNTitleLabel.swift */; };
		471F9164242FA25800505D1C /* GNSecondaryTitleLabel.swift in Sources */ = {isa = PBXBuildFile; fileRef = 471F9163242FA25800505D1C /* GNSecondaryTitleLabel.swift */; };
		471F9166242FA28400505D1C /* GNBodyLabel.swift in Sources */ = {isa = PBXBuildFile; fileRef = 471F9165242FA28400505D1C /* GNBodyLabel.swift */; };
		471F9168242FA2EF00505D1C /* GNSecondaryBodyLabel.swift in Sources */ = {isa = PBXBuildFile; fileRef = 471F9167242FA2EF00505D1C /* GNSecondaryBodyLabel.swift */; };
		472AC81D244CC13A002F667D /* Double+Ext.swift in Sources */ = {isa = PBXBuildFile; fileRef = 472AC81C244CC13A002F667D /* Double+Ext.swift */; };
		472B80F1243C51DD00571126 /* TopTrendingSong.swift in Sources */ = {isa = PBXBuildFile; fileRef = 472B80F0243C51DD00571126 /* TopTrendingSong.swift */; };
		47347A3B2430586200D1B908 /* GNThumbnaiImageView.swift in Sources */ = {isa = PBXBuildFile; fileRef = 47347A3A2430586200D1B908 /* GNThumbnaiImageView.swift */; };
		47347A3D2430664500D1B908 /* UIHelper.swift in Sources */ = {isa = PBXBuildFile; fileRef = 47347A3C2430664500D1B908 /* UIHelper.swift */; };
		47347A4024306F3100D1B908 /* RowCell.swift in Sources */ = {isa = PBXBuildFile; fileRef = 47347A3F24306F3100D1B908 /* RowCell.swift */; };
		47347A422430EC6F00D1B908 /* ExploreVM.swift in Sources */ = {isa = PBXBuildFile; fileRef = 47347A412430EC6F00D1B908 /* ExploreVM.swift */; };
		473A5B8C2455D58D00467817 /* GNTransparentButton.swift in Sources */ = {isa = PBXBuildFile; fileRef = 473A5B8B2455D58D00467817 /* GNTransparentButton.swift */; };
		474DCBBE244B6A54001DC4F0 /* gullboy.mp3 in Resources */ = {isa = PBXBuildFile; fileRef = 474DCBB8244B6A53001DC4F0 /* gullboy.mp3 */; };
		474DCBBF244B6A54001DC4F0 /* lights.mp3 in Resources */ = {isa = PBXBuildFile; fileRef = 474DCBB9244B6A53001DC4F0 /* lights.mp3 */; };
		474DCBC0244B6A54001DC4F0 /* shapeofyou.mp3 in Resources */ = {isa = PBXBuildFile; fileRef = 474DCBBA244B6A53001DC4F0 /* shapeofyou.mp3 */; };
		474DCBC1244B6A54001DC4F0 /* kohinoor.mp3 in Resources */ = {isa = PBXBuildFile; fileRef = 474DCBBB244B6A53001DC4F0 /* kohinoor.mp3 */; };
		474DCBC2244B6A54001DC4F0 /* nuclea.mp3 in Resources */ = {isa = PBXBuildFile; fileRef = 474DCBBC244B6A54001DC4F0 /* nuclea.mp3 */; };
		474DCBC3244B6A54001DC4F0 /* x.mp3 in Resources */ = {isa = PBXBuildFile; fileRef = 474DCBBD244B6A54001DC4F0 /* x.mp3 */; };
		474DCBC5244B6B9A001DC4F0 /* File.swift in Sources */ = {isa = PBXBuildFile; fileRef = 474DCBC4244B6B9A001DC4F0 /* File.swift */; };
		47547257243D7CF3002E814A /* MusicPlayerVC.swift in Sources */ = {isa = PBXBuildFile; fileRef = 47547256243D7CF3002E814A /* MusicPlayerVC.swift */; };
		47547259243D7D39002E814A /* MusicPlayerVM.swift in Sources */ = {isa = PBXBuildFile; fileRef = 47547258243D7D39002E814A /* MusicPlayerVM.swift */; };
		475596CC2439B12C00E8FCAA /* Genre.swift in Sources */ = {isa = PBXBuildFile; fileRef = 475596CB2439B12C00E8FCAA /* Genre.swift */; };
		475596CE2439BFA000E8FCAA /* Enums.swift in Sources */ = {isa = PBXBuildFile; fileRef = 475596CD2439BFA000E8FCAA /* Enums.swift */; };
		475EB490243446EC00CA04C1 /* LargeSongCell.swift in Sources */ = {isa = PBXBuildFile; fileRef = 475EB48F243446EC00CA04C1 /* LargeSongCell.swift */; };
		475EF2162443089400DC80B4 /* PlayerContainerVC.swift in Sources */ = {isa = PBXBuildFile; fileRef = 475EF2152443089400DC80B4 /* PlayerContainerVC.swift */; };
		475EF218244308C000DC80B4 /* PlayerContainerVM.swift in Sources */ = {isa = PBXBuildFile; fileRef = 475EF217244308C000DC80B4 /* PlayerContainerVM.swift */; };
		475EF21A24430AB500DC80B4 /* HorizontalCollectionViewVM.swift in Sources */ = {isa = PBXBuildFile; fileRef = 475EF21924430AB500DC80B4 /* HorizontalCollectionViewVM.swift */; };
		47634B4723FA9AAF0049A37A /* AppDelegate.swift in Sources */ = {isa = PBXBuildFile; fileRef = 47634B4623FA9AAF0049A37A /* AppDelegate.swift */; };
		47634B4923FA9AAF0049A37A /* SceneDelegate.swift in Sources */ = {isa = PBXBuildFile; fileRef = 47634B4823FA9AAF0049A37A /* SceneDelegate.swift */; };
		47634B5023FA9AB10049A37A /* Assets.xcassets in Resources */ = {isa = PBXBuildFile; fileRef = 47634B4F23FA9AB10049A37A /* Assets.xcassets */; };
		47634B5323FA9AB10049A37A /* LaunchScreen.storyboard in Resources */ = {isa = PBXBuildFile; fileRef = 47634B5123FA9AB10049A37A /* LaunchScreen.storyboard */; };
		47643702243ACEB700857AD4 /* TopTrendingVC.swift in Sources */ = {isa = PBXBuildFile; fileRef = 47643701243ACEB700857AD4 /* TopTrendingVC.swift */; };
		47643705243AD42F00857AD4 /* TopTrendingCell.swift in Sources */ = {isa = PBXBuildFile; fileRef = 47643704243AD42F00857AD4 /* TopTrendingCell.swift */; };
		4764C3DB24418A9F00134B6A /* SongContainerVC.swift in Sources */ = {isa = PBXBuildFile; fileRef = 4764C3DA24418A9F00134B6A /* SongContainerVC.swift */; };
		4764C3DD24418B8D00134B6A /* TopTrendingVM.swift in Sources */ = {isa = PBXBuildFile; fileRef = 4764C3DC24418B8D00134B6A /* TopTrendingVM.swift */; };
		4764C3DF24418BCD00134B6A /* SongContainerVM.swift in Sources */ = {isa = PBXBuildFile; fileRef = 4764C3DE24418BCD00134B6A /* SongContainerVM.swift */; };
		476692D52446B543003C4BB6 /* GNSlider.swift in Sources */ = {isa = PBXBuildFile; fileRef = 476692D42446B543003C4BB6 /* GNSlider.swift */; };
		476A471D24383CED00DF07A3 /* Song.swift in Sources */ = {isa = PBXBuildFile; fileRef = 476A471C24383CED00DF07A3 /* Song.swift */; };
		476A471F24383DFB00DF07A3 /* Album.swift in Sources */ = {isa = PBXBuildFile; fileRef = 476A471E24383DFB00DF07A3 /* Album.swift */; };
		476A472124383E6E00DF07A3 /* Artist.swift in Sources */ = {isa = PBXBuildFile; fileRef = 476A472024383E6E00DF07A3 /* Artist.swift */; };
		476BBE84243C21E800510828 /* GNAssertButton.swift in Sources */ = {isa = PBXBuildFile; fileRef = 476BBE83243C21E800510828 /* GNAssertButton.swift */; };
		478946B024568F530038C1DD /* ArtistSongCell.swift in Sources */ = {isa = PBXBuildFile; fileRef = 478946AF24568F530038C1DD /* ArtistSongCell.swift */; };
		478E373B243267970070F54E /* SongCell.swift in Sources */ = {isa = PBXBuildFile; fileRef = 478E373A243267970070F54E /* SongCell.swift */; };
		4793302D2436E36A00DC5326 /* UIView+Ext.swift in Sources */ = {isa = PBXBuildFile; fileRef = 4793302C2436E36A00DC5326 /* UIView+Ext.swift */; };
		4796A28324528CD000DA0BA5 /* ExpanArtistCell.swift in Sources */ = {isa = PBXBuildFile; fileRef = 4796A28224528CD000DA0BA5 /* ExpanArtistCell.swift */; };
		47AB5CE124022EA90081858E /* Poppins-Medium.otf in Resources */ = {isa = PBXBuildFile; fileRef = 47AB5CDA24022EA80081858E /* Poppins-Medium.otf */; };
		47AB5CE224022EA90081858E /* Poppins-Regular.otf in Resources */ = {isa = PBXBuildFile; fileRef = 47AB5CDB24022EA80081858E /* Poppins-Regular.otf */; };
		47AB5CE324022EA90081858E /* Poppins-Bold.otf in Resources */ = {isa = PBXBuildFile; fileRef = 47AB5CDC24022EA80081858E /* Poppins-Bold.otf */; };
		47AB5CE424022EA90081858E /* Poppins-ExtraBold.otf in Resources */ = {isa = PBXBuildFile; fileRef = 47AB5CDD24022EA80081858E /* Poppins-ExtraBold.otf */; };
		47AB5CE524022EA90081858E /* Poppins-Light.otf in Resources */ = {isa = PBXBuildFile; fileRef = 47AB5CDE24022EA80081858E /* Poppins-Light.otf */; };
		47AB5CE624022EA90081858E /* Poppins-Thin.otf in Resources */ = {isa = PBXBuildFile; fileRef = 47AB5CDF24022EA90081858E /* Poppins-Thin.otf */; };
		47AB5CE724022EA90081858E /* Poppins-SemiBold.otf in Resources */ = {isa = PBXBuildFile; fileRef = 47AB5CE024022EA90081858E /* Poppins-SemiBold.otf */; };
		47B0373B243A194E00E74AFC /* TrendingVM.swift in Sources */ = {isa = PBXBuildFile; fileRef = 47B0373A243A194E00E74AFC /* TrendingVM.swift */; };
		47B0373F243A246600E74AFC /* HorizontalCollectionViewVC.swift in Sources */ = {isa = PBXBuildFile; fileRef = 47B0373E243A246600E74AFC /* HorizontalCollectionViewVC.swift */; };
		47D6B6F424358CE7001298C5 /* AlbumCell.swift in Sources */ = {isa = PBXBuildFile; fileRef = 47D6B6F324358CE7001298C5 /* AlbumCell.swift */; };
		47D8440124514627004C325E /* ExpanVC.swift in Sources */ = {isa = PBXBuildFile; fileRef = 47D8440024514627004C325E /* ExpanVC.swift */; };
		47D8440324514639004C325E /* ExpanVM.swift in Sources */ = {isa = PBXBuildFile; fileRef = 47D8440224514639004C325E /* ExpanVM.swift */; };
/* End PBXBuildFile section */

/* Begin PBXFileReference section */
		470C0B2824358FED00475321 /* GenresCell.swift */ = {isa = PBXFileReference; lastKnownFileType = sourcecode.swift; path = GenresCell.swift; sourceTree = "<group>"; };
		471F9142242F32A100505D1C /* ExploreVC.swift */ = {isa = PBXFileReference; lastKnownFileType = sourcecode.swift; path = ExploreVC.swift; sourceTree = "<group>"; };
		471F9144242F32F400505D1C /* TrendingVC.swift */ = {isa = PBXFileReference; lastKnownFileType = sourcecode.swift; path = TrendingVC.swift; sourceTree = "<group>"; };
		471F9146242F330D00505D1C /* SearchVC.swift */ = {isa = PBXFileReference; lastKnownFileType = sourcecode.swift; path = SearchVC.swift; sourceTree = "<group>"; };
		471F9148242F332B00505D1C /* LibraryVC.swift */ = {isa = PBXFileReference; lastKnownFileType = sourcecode.swift; path = LibraryVC.swift; sourceTree = "<group>"; };
		471F914A242F334200505D1C /* SettingsVC.swift */ = {isa = PBXFileReference; lastKnownFileType = sourcecode.swift; path = SettingsVC.swift; sourceTree = "<group>"; };
		471F914D242F3CF100505D1C /* Constants.swift */ = {isa = PBXFileReference; lastKnownFileType = sourcecode.swift; path = Constants.swift; sourceTree = "<group>"; };
		471F9153242F400900505D1C /* GNTabBar.swift */ = {isa = PBXFileReference; lastKnownFileType = sourcecode.swift; path = GNTabBar.swift; sourceTree = "<group>"; };
		471F9156242F439300505D1C /* UIColor+Ext.swift */ = {isa = PBXFileReference; lastKnownFileType = sourcecode.swift; path = "UIColor+Ext.swift"; sourceTree = "<group>"; };
		471F9159242F933900505D1C /* GNTitleLabel.swift */ = {isa = PBXFileReference; lastKnownFileType = sourcecode.swift; path = GNTitleLabel.swift; sourceTree = "<group>"; };
		471F9163242FA25800505D1C /* GNSecondaryTitleLabel.swift */ = {isa = PBXFileReference; lastKnownFileType = sourcecode.swift; path = GNSecondaryTitleLabel.swift; sourceTree = "<group>"; };
		471F9165242FA28400505D1C /* GNBodyLabel.swift */ = {isa = PBXFileReference; lastKnownFileType = sourcecode.swift; path = GNBodyLabel.swift; sourceTree = "<group>"; };
		471F9167242FA2EF00505D1C /* GNSecondaryBodyLabel.swift */ = {isa = PBXFileReference; lastKnownFileType = sourcecode.swift; path = GNSecondaryBodyLabel.swift; sourceTree = "<group>"; };
		472AC81C244CC13A002F667D /* Double+Ext.swift */ = {isa = PBXFileReference; lastKnownFileType = sourcecode.swift; path = "Double+Ext.swift"; sourceTree = "<group>"; };
		472B80F0243C51DD00571126 /* TopTrendingSong.swift */ = {isa = PBXFileReference; lastKnownFileType = sourcecode.swift; path = TopTrendingSong.swift; sourceTree = "<group>"; };
		47347A3A2430586200D1B908 /* GNThumbnaiImageView.swift */ = {isa = PBXFileReference; lastKnownFileType = sourcecode.swift; path = GNThumbnaiImageView.swift; sourceTree = "<group>"; };
		47347A3C2430664500D1B908 /* UIHelper.swift */ = {isa = PBXFileReference; lastKnownFileType = sourcecode.swift; path = UIHelper.swift; sourceTree = "<group>"; };
		47347A3F24306F3100D1B908 /* RowCell.swift */ = {isa = PBXFileReference; lastKnownFileType = sourcecode.swift; path = RowCell.swift; sourceTree = "<group>"; };
		47347A412430EC6F00D1B908 /* ExploreVM.swift */ = {isa = PBXFileReference; lastKnownFileType = sourcecode.swift; path = ExploreVM.swift; sourceTree = "<group>"; };
		473A5B8B2455D58D00467817 /* GNTransparentButton.swift */ = {isa = PBXFileReference; lastKnownFileType = sourcecode.swift; path = GNTransparentButton.swift; sourceTree = "<group>"; };
		474DCBB8244B6A53001DC4F0 /* gullboy.mp3 */ = {isa = PBXFileReference; lastKnownFileType = audio.mp3; path = gullboy.mp3; sourceTree = "<group>"; };
		474DCBB9244B6A53001DC4F0 /* lights.mp3 */ = {isa = PBXFileReference; lastKnownFileType = audio.mp3; path = lights.mp3; sourceTree = "<group>"; };
		474DCBBA244B6A53001DC4F0 /* shapeofyou.mp3 */ = {isa = PBXFileReference; lastKnownFileType = audio.mp3; path = shapeofyou.mp3; sourceTree = "<group>"; };
		474DCBBB244B6A53001DC4F0 /* kohinoor.mp3 */ = {isa = PBXFileReference; lastKnownFileType = audio.mp3; path = kohinoor.mp3; sourceTree = "<group>"; };
		474DCBBC244B6A54001DC4F0 /* nuclea.mp3 */ = {isa = PBXFileReference; lastKnownFileType = audio.mp3; path = nuclea.mp3; sourceTree = "<group>"; };
		474DCBBD244B6A54001DC4F0 /* x.mp3 */ = {isa = PBXFileReference; lastKnownFileType = audio.mp3; path = x.mp3; sourceTree = "<group>"; };
		474DCBC4244B6B9A001DC4F0 /* File.swift */ = {isa = PBXFileReference; lastKnownFileType = sourcecode.swift; path = File.swift; sourceTree = "<group>"; };
		47547256243D7CF3002E814A /* MusicPlayerVC.swift */ = {isa = PBXFileReference; lastKnownFileType = sourcecode.swift; path = MusicPlayerVC.swift; sourceTree = "<group>"; };
		47547258243D7D39002E814A /* MusicPlayerVM.swift */ = {isa = PBXFileReference; lastKnownFileType = sourcecode.swift; path = MusicPlayerVM.swift; sourceTree = "<group>"; };
		475596CB2439B12C00E8FCAA /* Genre.swift */ = {isa = PBXFileReference; lastKnownFileType = sourcecode.swift; path = Genre.swift; sourceTree = "<group>"; };
		475596CD2439BFA000E8FCAA /* Enums.swift */ = {isa = PBXFileReference; lastKnownFileType = sourcecode.swift; path = Enums.swift; sourceTree = "<group>"; };
		475EB48F243446EC00CA04C1 /* LargeSongCell.swift */ = {isa = PBXFileReference; lastKnownFileType = sourcecode.swift; path = LargeSongCell.swift; sourceTree = "<group>"; };
		475EF2152443089400DC80B4 /* PlayerContainerVC.swift */ = {isa = PBXFileReference; lastKnownFileType = sourcecode.swift; path = PlayerContainerVC.swift; sourceTree = "<group>"; };
		475EF217244308C000DC80B4 /* PlayerContainerVM.swift */ = {isa = PBXFileReference; lastKnownFileType = sourcecode.swift; path = PlayerContainerVM.swift; sourceTree = "<group>"; };
		475EF21924430AB500DC80B4 /* HorizontalCollectionViewVM.swift */ = {isa = PBXFileReference; lastKnownFileType = sourcecode.swift; path = HorizontalCollectionViewVM.swift; sourceTree = "<group>"; };
		47634B4323FA9AAF0049A37A /* gnome.app */ = {isa = PBXFileReference; explicitFileType = wrapper.application; includeInIndex = 0; path = gnome.app; sourceTree = BUILT_PRODUCTS_DIR; };
		47634B4623FA9AAF0049A37A /* AppDelegate.swift */ = {isa = PBXFileReference; lastKnownFileType = sourcecode.swift; path = AppDelegate.swift; sourceTree = "<group>"; };
		47634B4823FA9AAF0049A37A /* SceneDelegate.swift */ = {isa = PBXFileReference; lastKnownFileType = sourcecode.swift; path = SceneDelegate.swift; sourceTree = "<group>"; };
		47634B4F23FA9AB10049A37A /* Assets.xcassets */ = {isa = PBXFileReference; lastKnownFileType = folder.assetcatalog; path = Assets.xcassets; sourceTree = "<group>"; };
		47634B5223FA9AB10049A37A /* Base */ = {isa = PBXFileReference; lastKnownFileType = file.storyboard; name = Base; path = Base.lproj/LaunchScreen.storyboard; sourceTree = "<group>"; };
		47634B5423FA9AB10049A37A /* Info.plist */ = {isa = PBXFileReference; lastKnownFileType = text.plist.xml; path = Info.plist; sourceTree = "<group>"; };
		47643701243ACEB700857AD4 /* TopTrendingVC.swift */ = {isa = PBXFileReference; lastKnownFileType = sourcecode.swift; path = TopTrendingVC.swift; sourceTree = "<group>"; };
		47643704243AD42F00857AD4 /* TopTrendingCell.swift */ = {isa = PBXFileReference; lastKnownFileType = sourcecode.swift; path = TopTrendingCell.swift; sourceTree = "<group>"; };
		4764C3DA24418A9F00134B6A /* SongContainerVC.swift */ = {isa = PBXFileReference; lastKnownFileType = sourcecode.swift; path = SongContainerVC.swift; sourceTree = "<group>"; };
		4764C3DC24418B8D00134B6A /* TopTrendingVM.swift */ = {isa = PBXFileReference; lastKnownFileType = sourcecode.swift; path = TopTrendingVM.swift; sourceTree = "<group>"; };
		4764C3DE24418BCD00134B6A /* SongContainerVM.swift */ = {isa = PBXFileReference; lastKnownFileType = sourcecode.swift; path = SongContainerVM.swift; sourceTree = "<group>"; };
		476692D42446B543003C4BB6 /* GNSlider.swift */ = {isa = PBXFileReference; lastKnownFileType = sourcecode.swift; path = GNSlider.swift; sourceTree = "<group>"; };
		476A471C24383CED00DF07A3 /* Song.swift */ = {isa = PBXFileReference; lastKnownFileType = sourcecode.swift; path = Song.swift; sourceTree = "<group>"; };
		476A471E24383DFB00DF07A3 /* Album.swift */ = {isa = PBXFileReference; lastKnownFileType = sourcecode.swift; path = Album.swift; sourceTree = "<group>"; };
		476A472024383E6E00DF07A3 /* Artist.swift */ = {isa = PBXFileReference; lastKnownFileType = sourcecode.swift; path = Artist.swift; sourceTree = "<group>"; };
		476BBE83243C21E800510828 /* GNAssertButton.swift */ = {isa = PBXFileReference; lastKnownFileType = sourcecode.swift; path = GNAssertButton.swift; sourceTree = "<group>"; };
		478946AF24568F530038C1DD /* ArtistSongCell.swift */ = {isa = PBXFileReference; lastKnownFileType = sourcecode.swift; path = ArtistSongCell.swift; sourceTree = "<group>"; };
		478E373A243267970070F54E /* SongCell.swift */ = {isa = PBXFileReference; lastKnownFileType = sourcecode.swift; path = SongCell.swift; sourceTree = "<group>"; };
		4793302C2436E36A00DC5326 /* UIView+Ext.swift */ = {isa = PBXFileReference; lastKnownFileType = sourcecode.swift; path = "UIView+Ext.swift"; sourceTree = "<group>"; };
		4796A28224528CD000DA0BA5 /* ExpanArtistCell.swift */ = {isa = PBXFileReference; lastKnownFileType = sourcecode.swift; path = ExpanArtistCell.swift; sourceTree = "<group>"; };
		47AB5CDA24022EA80081858E /* Poppins-Medium.otf */ = {isa = PBXFileReference; lastKnownFileType = file; path = "Poppins-Medium.otf"; sourceTree = "<group>"; };
		47AB5CDB24022EA80081858E /* Poppins-Regular.otf */ = {isa = PBXFileReference; lastKnownFileType = file; path = "Poppins-Regular.otf"; sourceTree = "<group>"; };
		47AB5CDC24022EA80081858E /* Poppins-Bold.otf */ = {isa = PBXFileReference; lastKnownFileType = file; path = "Poppins-Bold.otf"; sourceTree = "<group>"; };
		47AB5CDD24022EA80081858E /* Poppins-ExtraBold.otf */ = {isa = PBXFileReference; lastKnownFileType = file; path = "Poppins-ExtraBold.otf"; sourceTree = "<group>"; };
		47AB5CDE24022EA80081858E /* Poppins-Light.otf */ = {isa = PBXFileReference; lastKnownFileType = file; path = "Poppins-Light.otf"; sourceTree = "<group>"; };
		47AB5CDF24022EA90081858E /* Poppins-Thin.otf */ = {isa = PBXFileReference; lastKnownFileType = file; path = "Poppins-Thin.otf"; sourceTree = "<group>"; };
		47AB5CE024022EA90081858E /* Poppins-SemiBold.otf */ = {isa = PBXFileReference; lastKnownFileType = file; path = "Poppins-SemiBold.otf"; sourceTree = "<group>"; };
		47B0373A243A194E00E74AFC /* TrendingVM.swift */ = {isa = PBXFileReference; lastKnownFileType = sourcecode.swift; name = TrendingVM.swift; path = gnome/Scene/Explore/TrendingVM.swift; sourceTree = SOURCE_ROOT; };
		47B0373E243A246600E74AFC /* HorizontalCollectionViewVC.swift */ = {isa = PBXFileReference; lastKnownFileType = sourcecode.swift; path = HorizontalCollectionViewVC.swift; sourceTree = "<group>"; };
		47D6B6F324358CE7001298C5 /* AlbumCell.swift */ = {isa = PBXFileReference; lastKnownFileType = sourcecode.swift; path = AlbumCell.swift; sourceTree = "<group>"; };
		47D8440024514627004C325E /* ExpanVC.swift */ = {isa = PBXFileReference; lastKnownFileType = sourcecode.swift; path = ExpanVC.swift; sourceTree = "<group>"; };
		47D8440224514639004C325E /* ExpanVM.swift */ = {isa = PBXFileReference; lastKnownFileType = sourcecode.swift; path = ExpanVM.swift; sourceTree = "<group>"; };
/* End PBXFileReference section */

/* Begin PBXFrameworksBuildPhase section */
		47634B4023FA9AAF0049A37A /* Frameworks */ = {
			isa = PBXFrameworksBuildPhase;
			buildActionMask = 2147483647;
			files = (
			);
			runOnlyForDeploymentPostprocessing = 0;
		};
/* End PBXFrameworksBuildPhase section */

/* Begin PBXGroup section */
		470C0B2724358FD000475321 /* Genres Cell */ = {
			isa = PBXGroup;
			children = (
				470C0B2824358FED00475321 /* GenresCell.swift */,
			);
			path = "Genres Cell";
			sourceTree = "<group>";
		};
		471F914C242F3CBA00505D1C /* Utilities */ = {
			isa = PBXGroup;
			children = (
				471F914D242F3CF100505D1C /* Constants.swift */,
				47347A3C2430664500D1B908 /* UIHelper.swift */,
				475596CD2439BFA000E8FCAA /* Enums.swift */,
			);
			path = Utilities;
			sourceTree = "<group>";
		};
		471F914F242F3F8D00505D1C /* CommonViews */ = {
			isa = PBXGroup;
			children = (
				471F9150242F3FA300505D1C /* Tab Bar */,
				476692D32446B51B003C4BB6 /* Slider */,
				471F9158242F929C00505D1C /* Labels */,
				47347A392430581E00D1B908 /* Image Views */,
				476BBE82243C21BB00510828 /* Buttons */,
				47347A3E24306EFF00D1B908 /* Collection View Cells */,
				47B0373D243A239300E74AFC /* View Controllers */,
			);
			path = CommonViews;
			sourceTree = "<group>";
		};
		471F9150242F3FA300505D1C /* Tab Bar */ = {
			isa = PBXGroup;
			children = (
				471F9153242F400900505D1C /* GNTabBar.swift */,
			);
			path = "Tab Bar";
			sourceTree = "<group>";
		};
		471F9155242F435D00505D1C /* Extensions */ = {
			isa = PBXGroup;
			children = (
				471F9156242F439300505D1C /* UIColor+Ext.swift */,
				4793302C2436E36A00DC5326 /* UIView+Ext.swift */,
				472AC81C244CC13A002F667D /* Double+Ext.swift */,
			);
			path = Extensions;
			sourceTree = "<group>";
		};
		471F9158242F929C00505D1C /* Labels */ = {
			isa = PBXGroup;
			children = (
				471F9159242F933900505D1C /* GNTitleLabel.swift */,
				471F9163242FA25800505D1C /* GNSecondaryTitleLabel.swift */,
				471F9165242FA28400505D1C /* GNBodyLabel.swift */,
				471F9167242FA2EF00505D1C /* GNSecondaryBodyLabel.swift */,
			);
			path = Labels;
			sourceTree = "<group>";
		};
		47347A392430581E00D1B908 /* Image Views */ = {
			isa = PBXGroup;
			children = (
				47347A3A2430586200D1B908 /* GNThumbnaiImageView.swift */,
			);
			path = "Image Views";
			sourceTree = "<group>";
		};
		47347A3E24306EFF00D1B908 /* Collection View Cells */ = {
			isa = PBXGroup;
			children = (
				478946AE24568F300038C1DD /* Artist Song Cell */,
				4796A28124528C9E00DA0BA5 /* Expan Artist */,
				47643703243AD3E900857AD4 /* Top Trending Cell */,
				470C0B2724358FD000475321 /* Genres Cell */,
				47D6B6F224358CCB001298C5 /* Album Cell */,
				475EB48E243446BF00CA04C1 /* Large Song Cell */,
				478E37392432677A0070F54E /* Song Cell */,
				478E3738243267680070F54E /* Row Cell */,
			);
			path = "Collection View Cells";
			sourceTree = "<group>";
		};
		474DCBB7244B6604001DC4F0 /* Music */ = {
			isa = PBXGroup;
			children = (
				474DCBB8244B6A53001DC4F0 /* gullboy.mp3 */,
				474DCBBB244B6A53001DC4F0 /* kohinoor.mp3 */,
				474DCBB9244B6A53001DC4F0 /* lights.mp3 */,
				474DCBBC244B6A54001DC4F0 /* nuclea.mp3 */,
				474DCBBA244B6A53001DC4F0 /* shapeofyou.mp3 */,
				474DCBBD244B6A54001DC4F0 /* x.mp3 */,
			);
			path = Music;
			sourceTree = "<group>";
		};
		47547255243D7CAE002E814A /* Music Player */ = {
			isa = PBXGroup;
			children = (
				47547256243D7CF3002E814A /* MusicPlayerVC.swift */,
				47547258243D7D39002E814A /* MusicPlayerVM.swift */,
			);
			path = "Music Player";
			sourceTree = "<group>";
		};
		475EB48E243446BF00CA04C1 /* Large Song Cell */ = {
			isa = PBXGroup;
			children = (
				475EB48F243446EC00CA04C1 /* LargeSongCell.swift */,
			);
			path = "Large Song Cell";
			sourceTree = "<group>";
		};
		475EF2142443087D00DC80B4 /* Player Container */ = {
			isa = PBXGroup;
			children = (
				475EF2152443089400DC80B4 /* PlayerContainerVC.swift */,
				475EF217244308C000DC80B4 /* PlayerContainerVM.swift */,
			);
			path = "Player Container";
			sourceTree = "<group>";
		};
		47634B3A23FA9AAF0049A37A = {
			isa = PBXGroup;
			children = (
				47634B4523FA9AAF0049A37A /* gnome */,
				47634B4423FA9AAF0049A37A /* Products */,
			);
			sourceTree = "<group>";
		};
		47634B4423FA9AAF0049A37A /* Products */ = {
			isa = PBXGroup;
			children = (
				47634B4323FA9AAF0049A37A /* gnome.app */,
			);
			name = Products;
			sourceTree = "<group>";
		};
		47634B4523FA9AAF0049A37A /* gnome */ = {
			isa = PBXGroup;
			children = (
				474DCBB7244B6604001DC4F0 /* Music */,
				476A471B24383CA200DF07A3 /* Model */,
				471F914F242F3F8D00505D1C /* CommonViews */,
				47634B5B23FA9AC70049A37A /* Scene */,
				471F914C242F3CBA00505D1C /* Utilities */,
				471F9155242F435D00505D1C /* Extensions */,
				47634B5D23FA9AE30049A37A /* Support */,
			);
			path = gnome;
			sourceTree = "<group>";
		};
		47634B5B23FA9AC70049A37A /* Scene */ = {
			isa = PBXGroup;
			children = (
				47547255243D7CAE002E814A /* Music Player */,
				47634B5E23FA9DDE0049A37A /* Explore */,
				47634B5F23FA9DF10049A37A /* Trending */,
				47634B6023FA9DFE0049A37A /* Search */,
				47634B6123FA9E090049A37A /* Library */,
				47634B6223FA9E160049A37A /* Settings */,
			);
			path = Scene;
			sourceTree = "<group>";
		};
		47634B5D23FA9AE30049A37A /* Support */ = {
			isa = PBXGroup;
			children = (
				47AB5CC124022AA60081858E /* Fonts */,
				47634B4623FA9AAF0049A37A /* AppDelegate.swift */,
				47634B4823FA9AAF0049A37A /* SceneDelegate.swift */,
				47634B4F23FA9AB10049A37A /* Assets.xcassets */,
				47634B5123FA9AB10049A37A /* LaunchScreen.storyboard */,
				47634B5423FA9AB10049A37A /* Info.plist */,
			);
			name = Support;
			sourceTree = "<group>";
		};
		47634B5E23FA9DDE0049A37A /* Explore */ = {
			isa = PBXGroup;
			children = (
				47D843FE245144EA004C325E /* Explore */,
				47D843FF245145E3004C325E /* Expan */,
			);
			path = Explore;
			sourceTree = "<group>";
		};
		47634B5F23FA9DF10049A37A /* Trending */ = {
			isa = PBXGroup;
			children = (
				471F9144242F32F400505D1C /* TrendingVC.swift */,
				47B0373A243A194E00E74AFC /* TrendingVM.swift */,
			);
			path = Trending;
			sourceTree = "<group>";
		};
		47634B6023FA9DFE0049A37A /* Search */ = {
			isa = PBXGroup;
			children = (
				471F9146242F330D00505D1C /* SearchVC.swift */,
			);
			path = Search;
			sourceTree = "<group>";
		};
		47634B6123FA9E090049A37A /* Library */ = {
			isa = PBXGroup;
			children = (
				471F9148242F332B00505D1C /* LibraryVC.swift */,
			);
			path = Library;
			sourceTree = "<group>";
		};
		47634B6223FA9E160049A37A /* Settings */ = {
			isa = PBXGroup;
			children = (
				471F914A242F334200505D1C /* SettingsVC.swift */,
			);
			path = Settings;
			sourceTree = "<group>";
		};
		47643700243ACE5900857AD4 /* Top Trending */ = {
			isa = PBXGroup;
			children = (
				47643701243ACEB700857AD4 /* TopTrendingVC.swift */,
				4764C3DC24418B8D00134B6A /* TopTrendingVM.swift */,
			);
			path = "Top Trending";
			sourceTree = "<group>";
		};
		47643703243AD3E900857AD4 /* Top Trending Cell */ = {
			isa = PBXGroup;
			children = (
				47643704243AD42F00857AD4 /* TopTrendingCell.swift */,
			);
			path = "Top Trending Cell";
			sourceTree = "<group>";
		};
		4764C3D924418A6000134B6A /* Song Container */ = {
			isa = PBXGroup;
			children = (
				4764C3DA24418A9F00134B6A /* SongContainerVC.swift */,
				4764C3DE24418BCD00134B6A /* SongContainerVM.swift */,
			);
			path = "Song Container";
			sourceTree = "<group>";
		};
		476692D32446B51B003C4BB6 /* Slider */ = {
			isa = PBXGroup;
			children = (
				476692D42446B543003C4BB6 /* GNSlider.swift */,
			);
			path = Slider;
			sourceTree = "<group>";
		};
		476A471B24383CA200DF07A3 /* Model */ = {
			isa = PBXGroup;
			children = (
				476A471C24383CED00DF07A3 /* Song.swift */,
				476A471E24383DFB00DF07A3 /* Album.swift */,
				476A472024383E6E00DF07A3 /* Artist.swift */,
				475596CB2439B12C00E8FCAA /* Genre.swift */,
				472B80F0243C51DD00571126 /* TopTrendingSong.swift */,
				474DCBC4244B6B9A001DC4F0 /* File.swift */,
			);
			path = Model;
			sourceTree = "<group>";
		};
		476BBE82243C21BB00510828 /* Buttons */ = {
			isa = PBXGroup;
			children = (
				476BBE83243C21E800510828 /* GNAssertButton.swift */,
				473A5B8B2455D58D00467817 /* GNTransparentButton.swift */,
			);
			path = Buttons;
			sourceTree = "<group>";
		};
		478946AE24568F300038C1DD /* Artist Song Cell */ = {
			isa = PBXGroup;
			children = (
				478946AF24568F530038C1DD /* ArtistSongCell.swift */,
			);
			path = "Artist Song Cell";
			sourceTree = "<group>";
		};
		478E3738243267680070F54E /* Row Cell */ = {
			isa = PBXGroup;
			children = (
				47347A3F24306F3100D1B908 /* RowCell.swift */,
			);
			path = "Row Cell";
			sourceTree = "<group>";
		};
		478E37392432677A0070F54E /* Song Cell */ = {
			isa = PBXGroup;
			children = (
				478E373A243267970070F54E /* SongCell.swift */,
			);
			path = "Song Cell";
			sourceTree = "<group>";
		};
		4796A28124528C9E00DA0BA5 /* Expan Artist */ = {
			isa = PBXGroup;
			children = (
				4796A28224528CD000DA0BA5 /* ExpanArtistCell.swift */,
			);
			path = "Expan Artist";
			sourceTree = "<group>";
		};
		47AB5CC124022AA60081858E /* Fonts */ = {
			isa = PBXGroup;
			children = (
				47AB5CC224022ACF0081858E /* Poppins */,
			);
			name = Fonts;
			sourceTree = "<group>";
		};
		47AB5CC224022ACF0081858E /* Poppins */ = {
			isa = PBXGroup;
			children = (
				47AB5CDC24022EA80081858E /* Poppins-Bold.otf */,
				47AB5CDD24022EA80081858E /* Poppins-ExtraBold.otf */,
				47AB5CDE24022EA80081858E /* Poppins-Light.otf */,
				47AB5CDA24022EA80081858E /* Poppins-Medium.otf */,
				47AB5CDB24022EA80081858E /* Poppins-Regular.otf */,
				47AB5CE024022EA90081858E /* Poppins-SemiBold.otf */,
				47AB5CDF24022EA90081858E /* Poppins-Thin.otf */,
			);
			name = Poppins;
			sourceTree = "<group>";
		};
		47B0373D243A239300E74AFC /* View Controllers */ = {
			isa = PBXGroup;
			children = (
				475EF2142443087D00DC80B4 /* Player Container */,
				4764C3D924418A6000134B6A /* Song Container */,
				47643700243ACE5900857AD4 /* Top Trending */,
				47B03740243A256300E74AFC /* Horizontal Collection View */,
			);
			path = "View Controllers";
			sourceTree = "<group>";
		};
		47B03740243A256300E74AFC /* Horizontal Collection View */ = {
			isa = PBXGroup;
			children = (
				47B0373E243A246600E74AFC /* HorizontalCollectionViewVC.swift */,
				475EF21924430AB500DC80B4 /* HorizontalCollectionViewVM.swift */,
			);
			path = "Horizontal Collection View";
			sourceTree = "<group>";
		};
		47D6B6F224358CCB001298C5 /* Album Cell */ = {
			isa = PBXGroup;
			children = (
				47D6B6F324358CE7001298C5 /* AlbumCell.swift */,
			);
			path = "Album Cell";
			sourceTree = "<group>";
		};
		47D843FE245144EA004C325E /* Explore */ = {
			isa = PBXGroup;
			children = (
				471F9142242F32A100505D1C /* ExploreVC.swift */,
				47347A412430EC6F00D1B908 /* ExploreVM.swift */,
			);
			path = Explore;
			sourceTree = "<group>";
		};
		47D843FF245145E3004C325E /* Expan */ = {
			isa = PBXGroup;
			children = (
				47D8440024514627004C325E /* ExpanVC.swift */,
				47D8440224514639004C325E /* ExpanVM.swift */,
			);
			path = Expan;
			sourceTree = "<group>";
		};
/* End PBXGroup section */

/* Begin PBXNativeTarget section */
		47634B4223FA9AAF0049A37A /* gnome */ = {
			isa = PBXNativeTarget;
			buildConfigurationList = 47634B5723FA9AB10049A37A /* Build configuration list for PBXNativeTarget "gnome" */;
			buildPhases = (
				47634B3F23FA9AAF0049A37A /* Sources */,
				47634B4023FA9AAF0049A37A /* Frameworks */,
				47634B4123FA9AAF0049A37A /* Resources */,
			);
			buildRules = (
			);
			dependencies = (
			);
			name = gnome;
			productName = gnome;
			productReference = 47634B4323FA9AAF0049A37A /* gnome.app */;
			productType = "com.apple.product-type.application";
		};
/* End PBXNativeTarget section */

/* Begin PBXProject section */
		47634B3B23FA9AAF0049A37A /* Project object */ = {
			isa = PBXProject;
			attributes = {
				LastSwiftUpdateCheck = 1130;
				LastUpgradeCheck = 1130;
				ORGANIZATIONNAME = "Hansa Anuradha";
				TargetAttributes = {
					47634B4223FA9AAF0049A37A = {
						CreatedOnToolsVersion = 11.3.1;
					};
				};
			};
			buildConfigurationList = 47634B3E23FA9AAF0049A37A /* Build configuration list for PBXProject "gnome" */;
			compatibilityVersion = "Xcode 9.3";
			developmentRegion = en;
			hasScannedForEncodings = 0;
			knownRegions = (
				en,
				Base,
			);
			mainGroup = 47634B3A23FA9AAF0049A37A;
			productRefGroup = 47634B4423FA9AAF0049A37A /* Products */;
			projectDirPath = "";
			projectRoot = "";
			targets = (
				47634B4223FA9AAF0049A37A /* gnome */,
			);
		};
/* End PBXProject section */

/* Begin PBXResourcesBuildPhase section */
		47634B4123FA9AAF0049A37A /* Resources */ = {
			isa = PBXResourcesBuildPhase;
			buildActionMask = 2147483647;
			files = (
				47AB5CE124022EA90081858E /* Poppins-Medium.otf in Resources */,
				474DCBC1244B6A54001DC4F0 /* kohinoor.mp3 in Resources */,
				474DCBBE244B6A54001DC4F0 /* gullboy.mp3 in Resources */,
				47634B5323FA9AB10049A37A /* LaunchScreen.storyboard in Resources */,
				47AB5CE324022EA90081858E /* Poppins-Bold.otf in Resources */,
				47AB5CE624022EA90081858E /* Poppins-Thin.otf in Resources */,
				47AB5CE724022EA90081858E /* Poppins-SemiBold.otf in Resources */,
				47634B5023FA9AB10049A37A /* Assets.xcassets in Resources */,
				474DCBC2244B6A54001DC4F0 /* nuclea.mp3 in Resources */,
				47AB5CE224022EA90081858E /* Poppins-Regular.otf in Resources */,
				47AB5CE424022EA90081858E /* Poppins-ExtraBold.otf in Resources */,
				474DCBBF244B6A54001DC4F0 /* lights.mp3 in Resources */,
				474DCBC3244B6A54001DC4F0 /* x.mp3 in Resources */,
				47AB5CE524022EA90081858E /* Poppins-Light.otf in Resources */,
				474DCBC0244B6A54001DC4F0 /* shapeofyou.mp3 in Resources */,
			);
			runOnlyForDeploymentPostprocessing = 0;
		};
/* End PBXResourcesBuildPhase section */

/* Begin PBXSourcesBuildPhase section */
		47634B3F23FA9AAF0049A37A /* Sources */ = {
			isa = PBXSourcesBuildPhase;
			buildActionMask = 2147483647;
			files = (
				475596CC2439B12C00E8FCAA /* Genre.swift in Sources */,
				471F9143242F32A100505D1C /* ExploreVC.swift in Sources */,
				471F9166242FA28400505D1C /* GNBodyLabel.swift in Sources */,
				475EF2162443089400DC80B4 /* PlayerContainerVC.swift in Sources */,
				471F914B242F334200505D1C /* SettingsVC.swift in Sources */,
				47643702243ACEB700857AD4 /* TopTrendingVC.swift in Sources */,
				472B80F1243C51DD00571126 /* TopTrendingSong.swift in Sources */,
				471F9147242F330D00505D1C /* SearchVC.swift in Sources */,
				476A471F24383DFB00DF07A3 /* Album.swift in Sources */,
				474DCBC5244B6B9A001DC4F0 /* File.swift in Sources */,
				4764C3DF24418BCD00134B6A /* SongContainerVM.swift in Sources */,
				475EB490243446EC00CA04C1 /* LargeSongCell.swift in Sources */,
				4764C3DB24418A9F00134B6A /* SongContainerVC.swift in Sources */,
				47347A422430EC6F00D1B908 /* ExploreVM.swift in Sources */,
				47347A4024306F3100D1B908 /* RowCell.swift in Sources */,
				471F9149242F332B00505D1C /* LibraryVC.swift in Sources */,
				47634B4723FA9AAF0049A37A /* AppDelegate.swift in Sources */,
				471F9164242FA25800505D1C /* GNSecondaryTitleLabel.swift in Sources */,
				47B0373F243A246600E74AFC /* HorizontalCollectionViewVC.swift in Sources */,
				47547257243D7CF3002E814A /* MusicPlayerVC.swift in Sources */,
				47347A3D2430664500D1B908 /* UIHelper.swift in Sources */,
				47347A3B2430586200D1B908 /* GNThumbnaiImageView.swift in Sources */,
				476A471D24383CED00DF07A3 /* Song.swift in Sources */,
				475EF218244308C000DC80B4 /* PlayerContainerVM.swift in Sources */,
				47547259243D7D39002E814A /* MusicPlayerVM.swift in Sources */,
				4793302D2436E36A00DC5326 /* UIView+Ext.swift in Sources */,
				471F915A242F933900505D1C /* GNTitleLabel.swift in Sources */,
				476BBE84243C21E800510828 /* GNAssertButton.swift in Sources */,
				476692D52446B543003C4BB6 /* GNSlider.swift in Sources */,
				47D8440124514627004C325E /* ExpanVC.swift in Sources */,
				470C0B2924358FED00475321 /* GenresCell.swift in Sources */,
				475596CE2439BFA000E8FCAA /* Enums.swift in Sources */,
				47634B4923FA9AAF0049A37A /* SceneDelegate.swift in Sources */,
				478946B024568F530038C1DD /* ArtistSongCell.swift in Sources */,
				478E373B243267970070F54E /* SongCell.swift in Sources */,
				471F9145242F32F400505D1C /* TrendingVC.swift in Sources */,
				4796A28324528CD000DA0BA5 /* ExpanArtistCell.swift in Sources */,
				471F9168242FA2EF00505D1C /* GNSecondaryBodyLabel.swift in Sources */,
				47D6B6F424358CE7001298C5 /* AlbumCell.swift in Sources */,
				4764C3DD24418B8D00134B6A /* TopTrendingVM.swift in Sources */,
				476A472124383E6E00DF07A3 /* Artist.swift in Sources */,
				475EF21A24430AB500DC80B4 /* HorizontalCollectionViewVM.swift in Sources */,
				471F9157242F439300505D1C /* UIColor+Ext.swift in Sources */,
				47D8440324514639004C325E /* ExpanVM.swift in Sources */,
				47B0373B243A194E00E74AFC /* TrendingVM.swift in Sources */,
				471F914E242F3CF100505D1C /* Constants.swift in Sources */,
				473A5B8C2455D58D00467817 /* GNTransparentButton.swift in Sources */,
				47643705243AD42F00857AD4 /* TopTrendingCell.swift in Sources */,
				471F9154242F400900505D1C /* GNTabBar.swift in Sources */,
				472AC81D244CC13A002F667D /* Double+Ext.swift in Sources */,
			);
			runOnlyForDeploymentPostprocessing = 0;
		};
/* End PBXSourcesBuildPhase section */

/* Begin PBXVariantGroup section */
		47634B5123FA9AB10049A37A /* LaunchScreen.storyboard */ = {
			isa = PBXVariantGroup;
			children = (
				47634B5223FA9AB10049A37A /* Base */,
			);
			name = LaunchScreen.storyboard;
			sourceTree = "<group>";
		};
/* End PBXVariantGroup section */

/* Begin XCBuildConfiguration section */
		47634B5523FA9AB10049A37A /* Debug */ = {
			isa = XCBuildConfiguration;
			buildSettings = {
				ALWAYS_SEARCH_USER_PATHS = NO;
				CLANG_ANALYZER_NONNULL = YES;
				CLANG_ANALYZER_NUMBER_OBJECT_CONVERSION = YES_AGGRESSIVE;
				CLANG_CXX_LANGUAGE_STANDARD = "gnu++14";
				CLANG_CXX_LIBRARY = "libc++";
				CLANG_ENABLE_MODULES = YES;
				CLANG_ENABLE_OBJC_ARC = YES;
				CLANG_ENABLE_OBJC_WEAK = YES;
				CLANG_WARN_BLOCK_CAPTURE_AUTORELEASING = YES;
				CLANG_WARN_BOOL_CONVERSION = YES;
				CLANG_WARN_COMMA = YES;
				CLANG_WARN_CONSTANT_CONVERSION = YES;
				CLANG_WARN_DEPRECATED_OBJC_IMPLEMENTATIONS = YES;
				CLANG_WARN_DIRECT_OBJC_ISA_USAGE = YES_ERROR;
				CLANG_WARN_DOCUMENTATION_COMMENTS = YES;
				CLANG_WARN_EMPTY_BODY = YES;
				CLANG_WARN_ENUM_CONVERSION = YES;
				CLANG_WARN_INFINITE_RECURSION = YES;
				CLANG_WARN_INT_CONVERSION = YES;
				CLANG_WARN_NON_LITERAL_NULL_CONVERSION = YES;
				CLANG_WARN_OBJC_IMPLICIT_RETAIN_SELF = YES;
				CLANG_WARN_OBJC_LITERAL_CONVERSION = YES;
				CLANG_WARN_OBJC_ROOT_CLASS = YES_ERROR;
				CLANG_WARN_RANGE_LOOP_ANALYSIS = YES;
				CLANG_WARN_STRICT_PROTOTYPES = YES;
				CLANG_WARN_SUSPICIOUS_MOVE = YES;
				CLANG_WARN_UNGUARDED_AVAILABILITY = YES_AGGRESSIVE;
				CLANG_WARN_UNREACHABLE_CODE = YES;
				CLANG_WARN__DUPLICATE_METHOD_MATCH = YES;
				COPY_PHASE_STRIP = NO;
				DEBUG_INFORMATION_FORMAT = dwarf;
				ENABLE_STRICT_OBJC_MSGSEND = YES;
				ENABLE_TESTABILITY = YES;
				GCC_C_LANGUAGE_STANDARD = gnu11;
				GCC_DYNAMIC_NO_PIC = NO;
				GCC_NO_COMMON_BLOCKS = YES;
				GCC_OPTIMIZATION_LEVEL = 0;
				GCC_PREPROCESSOR_DEFINITIONS = (
					"DEBUG=1",
					"$(inherited)",
				);
				GCC_WARN_64_TO_32_BIT_CONVERSION = YES;
				GCC_WARN_ABOUT_RETURN_TYPE = YES_ERROR;
				GCC_WARN_UNDECLARED_SELECTOR = YES;
				GCC_WARN_UNINITIALIZED_AUTOS = YES_AGGRESSIVE;
				GCC_WARN_UNUSED_FUNCTION = YES;
				GCC_WARN_UNUSED_VARIABLE = YES;
				IPHONEOS_DEPLOYMENT_TARGET = 13.2;
				MTL_ENABLE_DEBUG_INFO = INCLUDE_SOURCE;
				MTL_FAST_MATH = YES;
				ONLY_ACTIVE_ARCH = YES;
				SDKROOT = iphoneos;
				SWIFT_ACTIVE_COMPILATION_CONDITIONS = DEBUG;
				SWIFT_OPTIMIZATION_LEVEL = "-Onone";
			};
			name = Debug;
		};
		47634B5623FA9AB10049A37A /* Release */ = {
			isa = XCBuildConfiguration;
			buildSettings = {
				ALWAYS_SEARCH_USER_PATHS = NO;
				CLANG_ANALYZER_NONNULL = YES;
				CLANG_ANALYZER_NUMBER_OBJECT_CONVERSION = YES_AGGRESSIVE;
				CLANG_CXX_LANGUAGE_STANDARD = "gnu++14";
				CLANG_CXX_LIBRARY = "libc++";
				CLANG_ENABLE_MODULES = YES;
				CLANG_ENABLE_OBJC_ARC = YES;
				CLANG_ENABLE_OBJC_WEAK = YES;
				CLANG_WARN_BLOCK_CAPTURE_AUTORELEASING = YES;
				CLANG_WARN_BOOL_CONVERSION = YES;
				CLANG_WARN_COMMA = YES;
				CLANG_WARN_CONSTANT_CONVERSION = YES;
				CLANG_WARN_DEPRECATED_OBJC_IMPLEMENTATIONS = YES;
				CLANG_WARN_DIRECT_OBJC_ISA_USAGE = YES_ERROR;
				CLANG_WARN_DOCUMENTATION_COMMENTS = YES;
				CLANG_WARN_EMPTY_BODY = YES;
				CLANG_WARN_ENUM_CONVERSION = YES;
				CLANG_WARN_INFINITE_RECURSION = YES;
				CLANG_WARN_INT_CONVERSION = YES;
				CLANG_WARN_NON_LITERAL_NULL_CONVERSION = YES;
				CLANG_WARN_OBJC_IMPLICIT_RETAIN_SELF = YES;
				CLANG_WARN_OBJC_LITERAL_CONVERSION = YES;
				CLANG_WARN_OBJC_ROOT_CLASS = YES_ERROR;
				CLANG_WARN_RANGE_LOOP_ANALYSIS = YES;
				CLANG_WARN_STRICT_PROTOTYPES = YES;
				CLANG_WARN_SUSPICIOUS_MOVE = YES;
				CLANG_WARN_UNGUARDED_AVAILABILITY = YES_AGGRESSIVE;
				CLANG_WARN_UNREACHABLE_CODE = YES;
				CLANG_WARN__DUPLICATE_METHOD_MATCH = YES;
				COPY_PHASE_STRIP = NO;
				DEBUG_INFORMATION_FORMAT = "dwarf-with-dsym";
				ENABLE_NS_ASSERTIONS = NO;
				ENABLE_STRICT_OBJC_MSGSEND = YES;
				GCC_C_LANGUAGE_STANDARD = gnu11;
				GCC_NO_COMMON_BLOCKS = YES;
				GCC_WARN_64_TO_32_BIT_CONVERSION = YES;
				GCC_WARN_ABOUT_RETURN_TYPE = YES_ERROR;
				GCC_WARN_UNDECLARED_SELECTOR = YES;
				GCC_WARN_UNINITIALIZED_AUTOS = YES_AGGRESSIVE;
				GCC_WARN_UNUSED_FUNCTION = YES;
				GCC_WARN_UNUSED_VARIABLE = YES;
				IPHONEOS_DEPLOYMENT_TARGET = 13.2;
				MTL_ENABLE_DEBUG_INFO = NO;
				MTL_FAST_MATH = YES;
				SDKROOT = iphoneos;
				SWIFT_COMPILATION_MODE = wholemodule;
				SWIFT_OPTIMIZATION_LEVEL = "-O";
				VALIDATE_PRODUCT = YES;
			};
			name = Release;
		};
		47634B5823FA9AB10049A37A /* Debug */ = {
			isa = XCBuildConfiguration;
			buildSettings = {
				ASSETCATALOG_COMPILER_APPICON_NAME = AppIcon;
				CODE_SIGN_STYLE = Automatic;
				DEVELOPMENT_TEAM = 7BXSU3YQGA;
				INFOPLIST_FILE = gnome/Info.plist;
				LD_RUNPATH_SEARCH_PATHS = (
					"$(inherited)",
					"@executable_path/Frameworks",
				);
				PRODUCT_BUNDLE_IDENTIFIER = com.castleCode.gnome;
				PRODUCT_NAME = "$(TARGET_NAME)";
				SWIFT_VERSION = 5.0;
				TARGETED_DEVICE_FAMILY = 1;
			};
			name = Debug;
		};
		47634B5923FA9AB10049A37A /* Release */ = {
			isa = XCBuildConfiguration;
			buildSettings = {
				ASSETCATALOG_COMPILER_APPICON_NAME = AppIcon;
				CODE_SIGN_STYLE = Automatic;
				DEVELOPMENT_TEAM = 7BXSU3YQGA;
				INFOPLIST_FILE = gnome/Info.plist;
				LD_RUNPATH_SEARCH_PATHS = (
					"$(inherited)",
					"@executable_path/Frameworks",
				);
				PRODUCT_BUNDLE_IDENTIFIER = com.castleCode.gnome;
				PRODUCT_NAME = "$(TARGET_NAME)";
				SWIFT_VERSION = 5.0;
				TARGETED_DEVICE_FAMILY = 1;
			};
			name = Release;
		};
/* End XCBuildConfiguration section */

/* Begin XCConfigurationList section */
		47634B3E23FA9AAF0049A37A /* Build configuration list for PBXProject "gnome" */ = {
			isa = XCConfigurationList;
			buildConfigurations = (
				47634B5523FA9AB10049A37A /* Debug */,
				47634B5623FA9AB10049A37A /* Release */,
			);
			defaultConfigurationIsVisible = 0;
			defaultConfigurationName = Release;
		};
		47634B5723FA9AB10049A37A /* Build configuration list for PBXNativeTarget "gnome" */ = {
			isa = XCConfigurationList;
			buildConfigurations = (
				47634B5823FA9AB10049A37A /* Debug */,
				47634B5923FA9AB10049A37A /* Release */,
			);
			defaultConfigurationIsVisible = 0;
			defaultConfigurationName = Release;
		};
/* End XCConfigurationList section */
	};
	rootObject = 47634B3B23FA9AAF0049A37A /* Project object */;
}
