// !$*UTF8*$!
{
	archiveVersion = 1;
	classes = {
	};
	objectVersion = 50;
	objects = {

/* Begin PBXBuildFile section */
		471F9143242F32A100505D1C /* ExploreVC.swift in Sources */ = {isa = PBXBuildFile; fileRef = 471F9142242F32A100505D1C /* ExploreVC.swift */; };
		471F9145242F32F400505D1C /* TrendingVC.swift in Sources */ = {isa = PBXBuildFile; fileRef = 471F9144242F32F400505D1C /* TrendingVC.swift */; };
		471F9147242F330D00505D1C /* SearchVC.swift in Sources */ = {isa = PBXBuildFile; fileRef = 471F9146242F330D00505D1C /* SearchVC.swift */; };
		471F9149242F332B00505D1C /* LibraryVC.swift in Sources */ = {isa = PBXBuildFile; fileRef = 471F9148242F332B00505D1C /* LibraryVC.swift */; };
		471F914B242F334200505D1C /* SettingsVC.swift in Sources */ = {isa = PBXBuildFile; fileRef = 471F914A242F334200505D1C /* SettingsVC.swift */; };
		471F914E242F3CF100505D1C /* Constants.swift in Sources */ = {isa = PBXBuildFile; fileRef = 471F914D242F3CF100505D1C /* Constants.swift */; };
		471F9154242F400900505D1C /* GnomeTabBar.swift in Sources */ = {isa = PBXBuildFile; fileRef = 471F9153242F400900505D1C /* GnomeTabBar.swift */; };
		47634B4723FA9AAF0049A37A /* AppDelegate.swift in Sources */ = {isa = PBXBuildFile; fileRef = 47634B4623FA9AAF0049A37A /* AppDelegate.swift */; };
		47634B4923FA9AAF0049A37A /* SceneDelegate.swift in Sources */ = {isa = PBXBuildFile; fileRef = 47634B4823FA9AAF0049A37A /* SceneDelegate.swift */; };
		47634B5023FA9AB10049A37A /* Assets.xcassets in Resources */ = {isa = PBXBuildFile; fileRef = 47634B4F23FA9AB10049A37A /* Assets.xcassets */; };
		47634B5323FA9AB10049A37A /* LaunchScreen.storyboard in Resources */ = {isa = PBXBuildFile; fileRef = 47634B5123FA9AB10049A37A /* LaunchScreen.storyboard */; };
		47AB5CE124022EA90081858E /* Poppins-Medium.otf in Resources */ = {isa = PBXBuildFile; fileRef = 47AB5CDA24022EA80081858E /* Poppins-Medium.otf */; };
		47AB5CE224022EA90081858E /* Poppins-Regular.otf in Resources */ = {isa = PBXBuildFile; fileRef = 47AB5CDB24022EA80081858E /* Poppins-Regular.otf */; };
		47AB5CE324022EA90081858E /* Poppins-Bold.otf in Resources */ = {isa = PBXBuildFile; fileRef = 47AB5CDC24022EA80081858E /* Poppins-Bold.otf */; };
		47AB5CE424022EA90081858E /* Poppins-ExtraBold.otf in Resources */ = {isa = PBXBuildFile; fileRef = 47AB5CDD24022EA80081858E /* Poppins-ExtraBold.otf */; };
		47AB5CE524022EA90081858E /* Poppins-Light.otf in Resources */ = {isa = PBXBuildFile; fileRef = 47AB5CDE24022EA80081858E /* Poppins-Light.otf */; };
		47AB5CE624022EA90081858E /* Poppins-Thin.otf in Resources */ = {isa = PBXBuildFile; fileRef = 47AB5CDF24022EA90081858E /* Poppins-Thin.otf */; };
		47AB5CE724022EA90081858E /* Poppins-SemiBold.otf in Resources */ = {isa = PBXBuildFile; fileRef = 47AB5CE024022EA90081858E /* Poppins-SemiBold.otf */; };
/* End PBXBuildFile section */

/* Begin PBXFileReference section */
		471F9142242F32A100505D1C /* ExploreVC.swift */ = {isa = PBXFileReference; lastKnownFileType = sourcecode.swift; path = ExploreVC.swift; sourceTree = "<group>"; };
		471F9144242F32F400505D1C /* TrendingVC.swift */ = {isa = PBXFileReference; lastKnownFileType = sourcecode.swift; path = TrendingVC.swift; sourceTree = "<group>"; };
		471F9146242F330D00505D1C /* SearchVC.swift */ = {isa = PBXFileReference; lastKnownFileType = sourcecode.swift; path = SearchVC.swift; sourceTree = "<group>"; };
		471F9148242F332B00505D1C /* LibraryVC.swift */ = {isa = PBXFileReference; lastKnownFileType = sourcecode.swift; path = LibraryVC.swift; sourceTree = "<group>"; };
		471F914A242F334200505D1C /* SettingsVC.swift */ = {isa = PBXFileReference; lastKnownFileType = sourcecode.swift; path = SettingsVC.swift; sourceTree = "<group>"; };
		471F914D242F3CF100505D1C /* Constants.swift */ = {isa = PBXFileReference; lastKnownFileType = sourcecode.swift; path = Constants.swift; sourceTree = "<group>"; };
		471F9153242F400900505D1C /* GnomeTabBar.swift */ = {isa = PBXFileReference; lastKnownFileType = sourcecode.swift; path = GnomeTabBar.swift; sourceTree = "<group>"; };
		47634B4323FA9AAF0049A37A /* gnome.app */ = {isa = PBXFileReference; explicitFileType = wrapper.application; includeInIndex = 0; path = gnome.app; sourceTree = BUILT_PRODUCTS_DIR; };
		47634B4623FA9AAF0049A37A /* AppDelegate.swift */ = {isa = PBXFileReference; lastKnownFileType = sourcecode.swift; path = AppDelegate.swift; sourceTree = "<group>"; };
		47634B4823FA9AAF0049A37A /* SceneDelegate.swift */ = {isa = PBXFileReference; lastKnownFileType = sourcecode.swift; path = SceneDelegate.swift; sourceTree = "<group>"; };
		47634B4F23FA9AB10049A37A /* Assets.xcassets */ = {isa = PBXFileReference; lastKnownFileType = folder.assetcatalog; path = Assets.xcassets; sourceTree = "<group>"; };
		47634B5223FA9AB10049A37A /* Base */ = {isa = PBXFileReference; lastKnownFileType = file.storyboard; name = Base; path = Base.lproj/LaunchScreen.storyboard; sourceTree = "<group>"; };
		47634B5423FA9AB10049A37A /* Info.plist */ = {isa = PBXFileReference; lastKnownFileType = text.plist.xml; path = Info.plist; sourceTree = "<group>"; };
		47AB5CDA24022EA80081858E /* Poppins-Medium.otf */ = {isa = PBXFileReference; lastKnownFileType = file; path = "Poppins-Medium.otf"; sourceTree = "<group>"; };
		47AB5CDB24022EA80081858E /* Poppins-Regular.otf */ = {isa = PBXFileReference; lastKnownFileType = file; path = "Poppins-Regular.otf"; sourceTree = "<group>"; };
		47AB5CDC24022EA80081858E /* Poppins-Bold.otf */ = {isa = PBXFileReference; lastKnownFileType = file; path = "Poppins-Bold.otf"; sourceTree = "<group>"; };
		47AB5CDD24022EA80081858E /* Poppins-ExtraBold.otf */ = {isa = PBXFileReference; lastKnownFileType = file; path = "Poppins-ExtraBold.otf"; sourceTree = "<group>"; };
		47AB5CDE24022EA80081858E /* Poppins-Light.otf */ = {isa = PBXFileReference; lastKnownFileType = file; path = "Poppins-Light.otf"; sourceTree = "<group>"; };
		47AB5CDF24022EA90081858E /* Poppins-Thin.otf */ = {isa = PBXFileReference; lastKnownFileType = file; path = "Poppins-Thin.otf"; sourceTree = "<group>"; };
		47AB5CE024022EA90081858E /* Poppins-SemiBold.otf */ = {isa = PBXFileReference; lastKnownFileType = file; path = "Poppins-SemiBold.otf"; sourceTree = "<group>"; };
/* End PBXFileReference section */

/* Begin PBXFrameworksBuildPhase section */
		47634B4023FA9AAF0049A37A /* Frameworks */ = {
			isa = PBXFrameworksBuildPhase;
			buildActionMask = 2147483647;
			files = (
			);
			runOnlyForDeploymentPostprocessing = 0;
		};
/* End PBXFrameworksBuildPhase section */

/* Begin PBXGroup section */
		471F914C242F3CBA00505D1C /* Utilities */ = {
			isa = PBXGroup;
			children = (
				471F914D242F3CF100505D1C /* Constants.swift */,
			);
			path = Utilities;
			sourceTree = "<group>";
		};
		471F914F242F3F8D00505D1C /* CommonViews */ = {
			isa = PBXGroup;
			children = (
				471F9150242F3FA300505D1C /* Tab Bar */,
			);
			path = CommonViews;
			sourceTree = "<group>";
		};
		471F9150242F3FA300505D1C /* Tab Bar */ = {
			isa = PBXGroup;
			children = (
				471F9153242F400900505D1C /* GnomeTabBar.swift */,
			);
			path = "Tab Bar";
			sourceTree = "<group>";
		};
		47634B3A23FA9AAF0049A37A = {
			isa = PBXGroup;
			children = (
				47634B4523FA9AAF0049A37A /* gnome */,
				47634B4423FA9AAF0049A37A /* Products */,
			);
			sourceTree = "<group>";
		};
		47634B4423FA9AAF0049A37A /* Products */ = {
			isa = PBXGroup;
			children = (
				47634B4323FA9AAF0049A37A /* gnome.app */,
			);
			name = Products;
			sourceTree = "<group>";
		};
		47634B4523FA9AAF0049A37A /* gnome */ = {
			isa = PBXGroup;
			children = (
				471F914F242F3F8D00505D1C /* CommonViews */,
				47634B5B23FA9AC70049A37A /* Scene */,
				471F914C242F3CBA00505D1C /* Utilities */,
				47634B5D23FA9AE30049A37A /* Support */,
			);
			path = gnome;
			sourceTree = "<group>";
		};
		47634B5B23FA9AC70049A37A /* Scene */ = {
			isa = PBXGroup;
			children = (
				47634B5E23FA9DDE0049A37A /* Explore */,
				47634B5F23FA9DF10049A37A /* Trending */,
				47634B6023FA9DFE0049A37A /* Search */,
				47634B6123FA9E090049A37A /* Library */,
				47634B6223FA9E160049A37A /* Settings */,
			);
			path = Scene;
			sourceTree = "<group>";
		};
		47634B5D23FA9AE30049A37A /* Support */ = {
			isa = PBXGroup;
			children = (
				47AB5CC124022AA60081858E /* Fonts */,
				47634B4623FA9AAF0049A37A /* AppDelegate.swift */,
				47634B4823FA9AAF0049A37A /* SceneDelegate.swift */,
				47634B4F23FA9AB10049A37A /* Assets.xcassets */,
				47634B5123FA9AB10049A37A /* LaunchScreen.storyboard */,
				47634B5423FA9AB10049A37A /* Info.plist */,
			);
			name = Support;
			sourceTree = "<group>";
		};
		47634B5E23FA9DDE0049A37A /* Explore */ = {
			isa = PBXGroup;
			children = (
				471F9142242F32A100505D1C /* ExploreVC.swift */,
			);
			path = Explore;
			sourceTree = "<group>";
		};
		47634B5F23FA9DF10049A37A /* Trending */ = {
			isa = PBXGroup;
			children = (
				471F9144242F32F400505D1C /* TrendingVC.swift */,
			);
			path = Trending;
			sourceTree = "<group>";
		};
		47634B6023FA9DFE0049A37A /* Search */ = {
			isa = PBXGroup;
			children = (
				471F9146242F330D00505D1C /* SearchVC.swift */,
			);
			path = Search;
			sourceTree = "<group>";
		};
		47634B6123FA9E090049A37A /* Library */ = {
			isa = PBXGroup;
			children = (
				471F9148242F332B00505D1C /* LibraryVC.swift */,
			);
			path = Library;
			sourceTree = "<group>";
		};
		47634B6223FA9E160049A37A /* Settings */ = {
			isa = PBXGroup;
			children = (
				471F914A242F334200505D1C /* SettingsVC.swift */,
			);
			path = Settings;
			sourceTree = "<group>";
		};
		47AB5CC124022AA60081858E /* Fonts */ = {
			isa = PBXGroup;
			children = (
				47AB5CC224022ACF0081858E /* Poppins */,
			);
			name = Fonts;
			sourceTree = "<group>";
		};
		47AB5CC224022ACF0081858E /* Poppins */ = {
			isa = PBXGroup;
			children = (
				47AB5CDC24022EA80081858E /* Poppins-Bold.otf */,
				47AB5CDD24022EA80081858E /* Poppins-ExtraBold.otf */,
				47AB5CDE24022EA80081858E /* Poppins-Light.otf */,
				47AB5CDA24022EA80081858E /* Poppins-Medium.otf */,
				47AB5CDB24022EA80081858E /* Poppins-Regular.otf */,
				47AB5CE024022EA90081858E /* Poppins-SemiBold.otf */,
				47AB5CDF24022EA90081858E /* Poppins-Thin.otf */,
			);
			name = Poppins;
			sourceTree = "<group>";
		};
/* End PBXGroup section */

/* Begin PBXNativeTarget section */
		47634B4223FA9AAF0049A37A /* gnome */ = {
			isa = PBXNativeTarget;
			buildConfigurationList = 47634B5723FA9AB10049A37A /* Build configuration list for PBXNativeTarget "gnome" */;
			buildPhases = (
				47634B3F23FA9AAF0049A37A /* Sources */,
				47634B4023FA9AAF0049A37A /* Frameworks */,
				47634B4123FA9AAF0049A37A /* Resources */,
			);
			buildRules = (
			);
			dependencies = (
			);
			name = gnome;
			productName = gnome;
			productReference = 47634B4323FA9AAF0049A37A /* gnome.app */;
			productType = "com.apple.product-type.application";
		};
/* End PBXNativeTarget section */

/* Begin PBXProject section */
		47634B3B23FA9AAF0049A37A /* Project object */ = {
			isa = PBXProject;
			attributes = {
				LastSwiftUpdateCheck = 1130;
				LastUpgradeCheck = 1130;
				ORGANIZATIONNAME = "Hansa Anuradha";
				TargetAttributes = {
					47634B4223FA9AAF0049A37A = {
						CreatedOnToolsVersion = 11.3.1;
					};
				};
			};
			buildConfigurationList = 47634B3E23FA9AAF0049A37A /* Build configuration list for PBXProject "gnome" */;
			compatibilityVersion = "Xcode 9.3";
			developmentRegion = en;
			hasScannedForEncodings = 0;
			knownRegions = (
				en,
				Base,
			);
			mainGroup = 47634B3A23FA9AAF0049A37A;
			productRefGroup = 47634B4423FA9AAF0049A37A /* Products */;
			projectDirPath = "";
			projectRoot = "";
			targets = (
				47634B4223FA9AAF0049A37A /* gnome */,
			);
		};
/* End PBXProject section */

/* Begin PBXResourcesBuildPhase section */
		47634B4123FA9AAF0049A37A /* Resources */ = {
			isa = PBXResourcesBuildPhase;
			buildActionMask = 2147483647;
			files = (
				47AB5CE124022EA90081858E /* Poppins-Medium.otf in Resources */,
				47634B5323FA9AB10049A37A /* LaunchScreen.storyboard in Resources */,
				47AB5CE324022EA90081858E /* Poppins-Bold.otf in Resources */,
				47AB5CE624022EA90081858E /* Poppins-Thin.otf in Resources */,
				47AB5CE724022EA90081858E /* Poppins-SemiBold.otf in Resources */,
				47634B5023FA9AB10049A37A /* Assets.xcassets in Resources */,
				47AB5CE224022EA90081858E /* Poppins-Regular.otf in Resources */,
				47AB5CE424022EA90081858E /* Poppins-ExtraBold.otf in Resources */,
				47AB5CE524022EA90081858E /* Poppins-Light.otf in Resources */,
			);
			runOnlyForDeploymentPostprocessing = 0;
		};
/* End PBXResourcesBuildPhase section */

/* Begin PBXSourcesBuildPhase section */
		47634B3F23FA9AAF0049A37A /* Sources */ = {
			isa = PBXSourcesBuildPhase;
			buildActionMask = 2147483647;
			files = (
				471F9143242F32A100505D1C /* ExploreVC.swift in Sources */,
				471F914B242F334200505D1C /* SettingsVC.swift in Sources */,
				471F9147242F330D00505D1C /* SearchVC.swift in Sources */,
				471F9149242F332B00505D1C /* LibraryVC.swift in Sources */,
				47634B4723FA9AAF0049A37A /* AppDelegate.swift in Sources */,
				47634B4923FA9AAF0049A37A /* SceneDelegate.swift in Sources */,
				471F9145242F32F400505D1C /* TrendingVC.swift in Sources */,
				471F914E242F3CF100505D1C /* Constants.swift in Sources */,
				471F9154242F400900505D1C /* GnomeTabBar.swift in Sources */,
			);
			runOnlyForDeploymentPostprocessing = 0;
		};
/* End PBXSourcesBuildPhase section */

/* Begin PBXVariantGroup section */
		47634B5123FA9AB10049A37A /* LaunchScreen.storyboard */ = {
			isa = PBXVariantGroup;
			children = (
				47634B5223FA9AB10049A37A /* Base */,
			);
			name = LaunchScreen.storyboard;
			sourceTree = "<group>";
		};
/* End PBXVariantGroup section */

/* Begin XCBuildConfiguration section */
		47634B5523FA9AB10049A37A /* Debug */ = {
			isa = XCBuildConfiguration;
			buildSettings = {
				ALWAYS_SEARCH_USER_PATHS = NO;
				CLANG_ANALYZER_NONNULL = YES;
				CLANG_ANALYZER_NUMBER_OBJECT_CONVERSION = YES_AGGRESSIVE;
				CLANG_CXX_LANGUAGE_STANDARD = "gnu++14";
				CLANG_CXX_LIBRARY = "libc++";
				CLANG_ENABLE_MODULES = YES;
				CLANG_ENABLE_OBJC_ARC = YES;
				CLANG_ENABLE_OBJC_WEAK = YES;
				CLANG_WARN_BLOCK_CAPTURE_AUTORELEASING = YES;
				CLANG_WARN_BOOL_CONVERSION = YES;
				CLANG_WARN_COMMA = YES;
				CLANG_WARN_CONSTANT_CONVERSION = YES;
				CLANG_WARN_DEPRECATED_OBJC_IMPLEMENTATIONS = YES;
				CLANG_WARN_DIRECT_OBJC_ISA_USAGE = YES_ERROR;
				CLANG_WARN_DOCUMENTATION_COMMENTS = YES;
				CLANG_WARN_EMPTY_BODY = YES;
				CLANG_WARN_ENUM_CONVERSION = YES;
				CLANG_WARN_INFINITE_RECURSION = YES;
				CLANG_WARN_INT_CONVERSION = YES;
				CLANG_WARN_NON_LITERAL_NULL_CONVERSION = YES;
				CLANG_WARN_OBJC_IMPLICIT_RETAIN_SELF = YES;
				CLANG_WARN_OBJC_LITERAL_CONVERSION = YES;
				CLANG_WARN_OBJC_ROOT_CLASS = YES_ERROR;
				CLANG_WARN_RANGE_LOOP_ANALYSIS = YES;
				CLANG_WARN_STRICT_PROTOTYPES = YES;
				CLANG_WARN_SUSPICIOUS_MOVE = YES;
				CLANG_WARN_UNGUARDED_AVAILABILITY = YES_AGGRESSIVE;
				CLANG_WARN_UNREACHABLE_CODE = YES;
				CLANG_WARN__DUPLICATE_METHOD_MATCH = YES;
				COPY_PHASE_STRIP = NO;
				DEBUG_INFORMATION_FORMAT = dwarf;
				ENABLE_STRICT_OBJC_MSGSEND = YES;
				ENABLE_TESTABILITY = YES;
				GCC_C_LANGUAGE_STANDARD = gnu11;
				GCC_DYNAMIC_NO_PIC = NO;
				GCC_NO_COMMON_BLOCKS = YES;
				GCC_OPTIMIZATION_LEVEL = 0;
				GCC_PREPROCESSOR_DEFINITIONS = (
					"DEBUG=1",
					"$(inherited)",
				);
				GCC_WARN_64_TO_32_BIT_CONVERSION = YES;
				GCC_WARN_ABOUT_RETURN_TYPE = YES_ERROR;
				GCC_WARN_UNDECLARED_SELECTOR = YES;
				GCC_WARN_UNINITIALIZED_AUTOS = YES_AGGRESSIVE;
				GCC_WARN_UNUSED_FUNCTION = YES;
				GCC_WARN_UNUSED_VARIABLE = YES;
				IPHONEOS_DEPLOYMENT_TARGET = 13.2;
				MTL_ENABLE_DEBUG_INFO = INCLUDE_SOURCE;
				MTL_FAST_MATH = YES;
				ONLY_ACTIVE_ARCH = YES;
				SDKROOT = iphoneos;
				SWIFT_ACTIVE_COMPILATION_CONDITIONS = DEBUG;
				SWIFT_OPTIMIZATION_LEVEL = "-Onone";
			};
			name = Debug;
		};
		47634B5623FA9AB10049A37A /* Release */ = {
			isa = XCBuildConfiguration;
			buildSettings = {
				ALWAYS_SEARCH_USER_PATHS = NO;
				CLANG_ANALYZER_NONNULL = YES;
				CLANG_ANALYZER_NUMBER_OBJECT_CONVERSION = YES_AGGRESSIVE;
				CLANG_CXX_LANGUAGE_STANDARD = "gnu++14";
				CLANG_CXX_LIBRARY = "libc++";
				CLANG_ENABLE_MODULES = YES;
				CLANG_ENABLE_OBJC_ARC = YES;
				CLANG_ENABLE_OBJC_WEAK = YES;
				CLANG_WARN_BLOCK_CAPTURE_AUTORELEASING = YES;
				CLANG_WARN_BOOL_CONVERSION = YES;
				CLANG_WARN_COMMA = YES;
				CLANG_WARN_CONSTANT_CONVERSION = YES;
				CLANG_WARN_DEPRECATED_OBJC_IMPLEMENTATIONS = YES;
				CLANG_WARN_DIRECT_OBJC_ISA_USAGE = YES_ERROR;
				CLANG_WARN_DOCUMENTATION_COMMENTS = YES;
				CLANG_WARN_EMPTY_BODY = YES;
				CLANG_WARN_ENUM_CONVERSION = YES;
				CLANG_WARN_INFINITE_RECURSION = YES;
				CLANG_WARN_INT_CONVERSION = YES;
				CLANG_WARN_NON_LITERAL_NULL_CONVERSION = YES;
				CLANG_WARN_OBJC_IMPLICIT_RETAIN_SELF = YES;
				CLANG_WARN_OBJC_LITERAL_CONVERSION = YES;
				CLANG_WARN_OBJC_ROOT_CLASS = YES_ERROR;
				CLANG_WARN_RANGE_LOOP_ANALYSIS = YES;
				CLANG_WARN_STRICT_PROTOTYPES = YES;
				CLANG_WARN_SUSPICIOUS_MOVE = YES;
				CLANG_WARN_UNGUARDED_AVAILABILITY = YES_AGGRESSIVE;
				CLANG_WARN_UNREACHABLE_CODE = YES;
				CLANG_WARN__DUPLICATE_METHOD_MATCH = YES;
				COPY_PHASE_STRIP = NO;
				DEBUG_INFORMATION_FORMAT = "dwarf-with-dsym";
				ENABLE_NS_ASSERTIONS = NO;
				ENABLE_STRICT_OBJC_MSGSEND = YES;
				GCC_C_LANGUAGE_STANDARD = gnu11;
				GCC_NO_COMMON_BLOCKS = YES;
				GCC_WARN_64_TO_32_BIT_CONVERSION = YES;
				GCC_WARN_ABOUT_RETURN_TYPE = YES_ERROR;
				GCC_WARN_UNDECLARED_SELECTOR = YES;
				GCC_WARN_UNINITIALIZED_AUTOS = YES_AGGRESSIVE;
				GCC_WARN_UNUSED_FUNCTION = YES;
				GCC_WARN_UNUSED_VARIABLE = YES;
				IPHONEOS_DEPLOYMENT_TARGET = 13.2;
				MTL_ENABLE_DEBUG_INFO = NO;
				MTL_FAST_MATH = YES;
				SDKROOT = iphoneos;
				SWIFT_COMPILATION_MODE = wholemodule;
				SWIFT_OPTIMIZATION_LEVEL = "-O";
				VALIDATE_PRODUCT = YES;
			};
			name = Release;
		};
		47634B5823FA9AB10049A37A /* Debug */ = {
			isa = XCBuildConfiguration;
			buildSettings = {
				ASSETCATALOG_COMPILER_APPICON_NAME = AppIcon;
				CODE_SIGN_STYLE = Automatic;
				DEVELOPMENT_TEAM = 7BXSU3YQGA;
				INFOPLIST_FILE = gnome/Info.plist;
				LD_RUNPATH_SEARCH_PATHS = (
					"$(inherited)",
					"@executable_path/Frameworks",
				);
				PRODUCT_BUNDLE_IDENTIFIER = com.castleCode.gnome;
				PRODUCT_NAME = "$(TARGET_NAME)";
				SWIFT_VERSION = 5.0;
				TARGETED_DEVICE_FAMILY = 1;
			};
			name = Debug;
		};
		47634B5923FA9AB10049A37A /* Release */ = {
			isa = XCBuildConfiguration;
			buildSettings = {
				ASSETCATALOG_COMPILER_APPICON_NAME = AppIcon;
				CODE_SIGN_STYLE = Automatic;
				DEVELOPMENT_TEAM = 7BXSU3YQGA;
				INFOPLIST_FILE = gnome/Info.plist;
				LD_RUNPATH_SEARCH_PATHS = (
					"$(inherited)",
					"@executable_path/Frameworks",
				);
				PRODUCT_BUNDLE_IDENTIFIER = com.castleCode.gnome;
				PRODUCT_NAME = "$(TARGET_NAME)";
				SWIFT_VERSION = 5.0;
				TARGETED_DEVICE_FAMILY = 1;
			};
			name = Release;
		};
/* End XCBuildConfiguration section */

/* Begin XCConfigurationList section */
		47634B3E23FA9AAF0049A37A /* Build configuration list for PBXProject "gnome" */ = {
			isa = XCConfigurationList;
			buildConfigurations = (
				47634B5523FA9AB10049A37A /* Debug */,
				47634B5623FA9AB10049A37A /* Release */,
			);
			defaultConfigurationIsVisible = 0;
			defaultConfigurationName = Release;
		};
		47634B5723FA9AB10049A37A /* Build configuration list for PBXNativeTarget "gnome" */ = {
			isa = XCConfigurationList;
			buildConfigurations = (
				47634B5823FA9AB10049A37A /* Debug */,
				47634B5923FA9AB10049A37A /* Release */,
			);
			defaultConfigurationIsVisible = 0;
			defaultConfigurationName = Release;
		};
/* End XCConfigurationList section */
	};
	rootObject = 47634B3B23FA9AAF0049A37A /* Project object */;
}
