// !$*UTF8*$!
{
	archiveVersion = 1;
	classes = {
	};
	objectVersion = 50;
	objects = {

/* Begin PBXBuildFile section */
		472835D42402B5E100327DC0 /* SongCollectionViewCell.swift in Sources */ = {isa = PBXBuildFile; fileRef = 472835D22402B5E100327DC0 /* SongCollectionViewCell.swift */; };
		472835D52402B5E100327DC0 /* SongCollectionViewCell.xib in Resources */ = {isa = PBXBuildFile; fileRef = 472835D32402B5E100327DC0 /* SongCollectionViewCell.xib */; };
		472835DD2402CB2300327DC0 /* CellType.swift in Sources */ = {isa = PBXBuildFile; fileRef = 472835DC2402CB2300327DC0 /* CellType.swift */; };
		4757E921242E71630077FF83 /* ExploreCategoryCell.swift in Sources */ = {isa = PBXBuildFile; fileRef = 4757E91F242E71630077FF83 /* ExploreCategoryCell.swift */; };
		4757E922242E71630077FF83 /* ExploreCategoryCell.xib in Resources */ = {isa = PBXBuildFile; fileRef = 4757E920242E71630077FF83 /* ExploreCategoryCell.xib */; };
		47634B4723FA9AAF0049A37A /* AppDelegate.swift in Sources */ = {isa = PBXBuildFile; fileRef = 47634B4623FA9AAF0049A37A /* AppDelegate.swift */; };
		47634B4923FA9AAF0049A37A /* SceneDelegate.swift in Sources */ = {isa = PBXBuildFile; fileRef = 47634B4823FA9AAF0049A37A /* SceneDelegate.swift */; };
		47634B5023FA9AB10049A37A /* Assets.xcassets in Resources */ = {isa = PBXBuildFile; fileRef = 47634B4F23FA9AB10049A37A /* Assets.xcassets */; };
		47634B5323FA9AB10049A37A /* LaunchScreen.storyboard in Resources */ = {isa = PBXBuildFile; fileRef = 47634B5123FA9AB10049A37A /* LaunchScreen.storyboard */; };
		47634B6423FA9E460049A37A /* ExploreViewController.swift in Sources */ = {isa = PBXBuildFile; fileRef = 47634B6323FA9E460049A37A /* ExploreViewController.swift */; };
		47634B6623FA9E760049A37A /* ExploreViewModel.swift in Sources */ = {isa = PBXBuildFile; fileRef = 47634B6523FA9E760049A37A /* ExploreViewModel.swift */; };
		47634B6823FA9EA80049A37A /* TrendingViewController.swift in Sources */ = {isa = PBXBuildFile; fileRef = 47634B6723FA9EA80049A37A /* TrendingViewController.swift */; };
		47634B6A23FA9EC80049A37A /* TrendingViewModel.swift in Sources */ = {isa = PBXBuildFile; fileRef = 47634B6923FA9EC80049A37A /* TrendingViewModel.swift */; };
		47634B6C23FA9EE00049A37A /* SearchViewController.swift in Sources */ = {isa = PBXBuildFile; fileRef = 47634B6B23FA9EE00049A37A /* SearchViewController.swift */; };
		47634B6E23FA9F050049A37A /* SearchViewModel.swift in Sources */ = {isa = PBXBuildFile; fileRef = 47634B6D23FA9F050049A37A /* SearchViewModel.swift */; };
		47634B7023FA9F180049A37A /* LibraryViewController.swift in Sources */ = {isa = PBXBuildFile; fileRef = 47634B6F23FA9F180049A37A /* LibraryViewController.swift */; };
		47634B7223FA9F380049A37A /* LibraryViewModel.swift in Sources */ = {isa = PBXBuildFile; fileRef = 47634B7123FA9F380049A37A /* LibraryViewModel.swift */; };
		47634B7423FA9F560049A37A /* SettingsViewController.swift in Sources */ = {isa = PBXBuildFile; fileRef = 47634B7323FA9F560049A37A /* SettingsViewController.swift */; };
		47634B7623FA9F6D0049A37A /* SettingsViewModel.swift in Sources */ = {isa = PBXBuildFile; fileRef = 47634B7523FA9F6D0049A37A /* SettingsViewModel.swift */; };
		47634B7A23FA9F980049A37A /* Explore.storyboard in Resources */ = {isa = PBXBuildFile; fileRef = 47634B7923FA9F980049A37A /* Explore.storyboard */; };
		47634B7C23FA9FA70049A37A /* Trending.storyboard in Resources */ = {isa = PBXBuildFile; fileRef = 47634B7B23FA9FA70049A37A /* Trending.storyboard */; };
		47634B7E23FA9FAF0049A37A /* Search.storyboard in Resources */ = {isa = PBXBuildFile; fileRef = 47634B7D23FA9FAF0049A37A /* Search.storyboard */; };
		47634B8023FA9FB90049A37A /* Library.storyboard in Resources */ = {isa = PBXBuildFile; fileRef = 47634B7F23FA9FB90049A37A /* Library.storyboard */; };
		47634B8223FA9FC30049A37A /* Settings.storyboard in Resources */ = {isa = PBXBuildFile; fileRef = 47634B8123FA9FC30049A37A /* Settings.storyboard */; };
		47987059241202A000E15E56 /* ExploreRewampViewController.swift in Sources */ = {isa = PBXBuildFile; fileRef = 47987058241202A000E15E56 /* ExploreRewampViewController.swift */; };
		4798705B2412036900E15E56 /* ExploreRewampViewModel.swift in Sources */ = {isa = PBXBuildFile; fileRef = 4798705A2412036900E15E56 /* ExploreRewampViewModel.swift */; };
		47AB5CE124022EA90081858E /* Poppins-Medium.otf in Resources */ = {isa = PBXBuildFile; fileRef = 47AB5CDA24022EA80081858E /* Poppins-Medium.otf */; };
		47AB5CE224022EA90081858E /* Poppins-Regular.otf in Resources */ = {isa = PBXBuildFile; fileRef = 47AB5CDB24022EA80081858E /* Poppins-Regular.otf */; };
		47AB5CE324022EA90081858E /* Poppins-Bold.otf in Resources */ = {isa = PBXBuildFile; fileRef = 47AB5CDC24022EA80081858E /* Poppins-Bold.otf */; };
		47AB5CE424022EA90081858E /* Poppins-ExtraBold.otf in Resources */ = {isa = PBXBuildFile; fileRef = 47AB5CDD24022EA80081858E /* Poppins-ExtraBold.otf */; };
		47AB5CE524022EA90081858E /* Poppins-Light.otf in Resources */ = {isa = PBXBuildFile; fileRef = 47AB5CDE24022EA80081858E /* Poppins-Light.otf */; };
		47AB5CE624022EA90081858E /* Poppins-Thin.otf in Resources */ = {isa = PBXBuildFile; fileRef = 47AB5CDF24022EA90081858E /* Poppins-Thin.otf */; };
		47AB5CE724022EA90081858E /* Poppins-SemiBold.otf in Resources */ = {isa = PBXBuildFile; fileRef = 47AB5CE024022EA90081858E /* Poppins-SemiBold.otf */; };
/* End PBXBuildFile section */

/* Begin PBXFileReference section */
		472835D22402B5E100327DC0 /* SongCollectionViewCell.swift */ = {isa = PBXFileReference; lastKnownFileType = sourcecode.swift; path = SongCollectionViewCell.swift; sourceTree = "<group>"; };
		472835D32402B5E100327DC0 /* SongCollectionViewCell.xib */ = {isa = PBXFileReference; lastKnownFileType = file.xib; path = SongCollectionViewCell.xib; sourceTree = "<group>"; };
		472835DC2402CB2300327DC0 /* CellType.swift */ = {isa = PBXFileReference; lastKnownFileType = sourcecode.swift; path = CellType.swift; sourceTree = "<group>"; };
		4757E91F242E71630077FF83 /* ExploreCategoryCell.swift */ = {isa = PBXFileReference; lastKnownFileType = sourcecode.swift; path = ExploreCategoryCell.swift; sourceTree = "<group>"; };
		4757E920242E71630077FF83 /* ExploreCategoryCell.xib */ = {isa = PBXFileReference; lastKnownFileType = file.xib; path = ExploreCategoryCell.xib; sourceTree = "<group>"; };
		47634B4323FA9AAF0049A37A /* gnome.app */ = {isa = PBXFileReference; explicitFileType = wrapper.application; includeInIndex = 0; path = gnome.app; sourceTree = BUILT_PRODUCTS_DIR; };
		47634B4623FA9AAF0049A37A /* AppDelegate.swift */ = {isa = PBXFileReference; lastKnownFileType = sourcecode.swift; path = AppDelegate.swift; sourceTree = "<group>"; };
		47634B4823FA9AAF0049A37A /* SceneDelegate.swift */ = {isa = PBXFileReference; lastKnownFileType = sourcecode.swift; path = SceneDelegate.swift; sourceTree = "<group>"; };
		47634B4F23FA9AB10049A37A /* Assets.xcassets */ = {isa = PBXFileReference; lastKnownFileType = folder.assetcatalog; path = Assets.xcassets; sourceTree = "<group>"; };
		47634B5223FA9AB10049A37A /* Base */ = {isa = PBXFileReference; lastKnownFileType = file.storyboard; name = Base; path = Base.lproj/LaunchScreen.storyboard; sourceTree = "<group>"; };
		47634B5423FA9AB10049A37A /* Info.plist */ = {isa = PBXFileReference; lastKnownFileType = text.plist.xml; path = Info.plist; sourceTree = "<group>"; };
		47634B6323FA9E460049A37A /* ExploreViewController.swift */ = {isa = PBXFileReference; lastKnownFileType = sourcecode.swift; path = ExploreViewController.swift; sourceTree = "<group>"; };
		47634B6523FA9E760049A37A /* ExploreViewModel.swift */ = {isa = PBXFileReference; lastKnownFileType = sourcecode.swift; path = ExploreViewModel.swift; sourceTree = "<group>"; };
		47634B6723FA9EA80049A37A /* TrendingViewController.swift */ = {isa = PBXFileReference; lastKnownFileType = sourcecode.swift; path = TrendingViewController.swift; sourceTree = "<group>"; };
		47634B6923FA9EC80049A37A /* TrendingViewModel.swift */ = {isa = PBXFileReference; lastKnownFileType = sourcecode.swift; path = TrendingViewModel.swift; sourceTree = "<group>"; };
		47634B6B23FA9EE00049A37A /* SearchViewController.swift */ = {isa = PBXFileReference; lastKnownFileType = sourcecode.swift; path = SearchViewController.swift; sourceTree = "<group>"; };
		47634B6D23FA9F050049A37A /* SearchViewModel.swift */ = {isa = PBXFileReference; lastKnownFileType = sourcecode.swift; path = SearchViewModel.swift; sourceTree = "<group>"; };
		47634B6F23FA9F180049A37A /* LibraryViewController.swift */ = {isa = PBXFileReference; lastKnownFileType = sourcecode.swift; path = LibraryViewController.swift; sourceTree = "<group>"; };
		47634B7123FA9F380049A37A /* LibraryViewModel.swift */ = {isa = PBXFileReference; lastKnownFileType = sourcecode.swift; path = LibraryViewModel.swift; sourceTree = "<group>"; };
		47634B7323FA9F560049A37A /* SettingsViewController.swift */ = {isa = PBXFileReference; lastKnownFileType = sourcecode.swift; path = SettingsViewController.swift; sourceTree = "<group>"; };
		47634B7523FA9F6D0049A37A /* SettingsViewModel.swift */ = {isa = PBXFileReference; lastKnownFileType = sourcecode.swift; path = SettingsViewModel.swift; sourceTree = "<group>"; };
		47634B7923FA9F980049A37A /* Explore.storyboard */ = {isa = PBXFileReference; lastKnownFileType = file.storyboard; path = Explore.storyboard; sourceTree = "<group>"; };
		47634B7B23FA9FA70049A37A /* Trending.storyboard */ = {isa = PBXFileReference; lastKnownFileType = file.storyboard; path = Trending.storyboard; sourceTree = "<group>"; };
		47634B7D23FA9FAF0049A37A /* Search.storyboard */ = {isa = PBXFileReference; lastKnownFileType = file.storyboard; path = Search.storyboard; sourceTree = "<group>"; };
		47634B7F23FA9FB90049A37A /* Library.storyboard */ = {isa = PBXFileReference; lastKnownFileType = file.storyboard; path = Library.storyboard; sourceTree = "<group>"; };
		47634B8123FA9FC30049A37A /* Settings.storyboard */ = {isa = PBXFileReference; lastKnownFileType = file.storyboard; path = Settings.storyboard; sourceTree = "<group>"; };
		47987058241202A000E15E56 /* ExploreRewampViewController.swift */ = {isa = PBXFileReference; lastKnownFileType = sourcecode.swift; path = ExploreRewampViewController.swift; sourceTree = "<group>"; };
		4798705A2412036900E15E56 /* ExploreRewampViewModel.swift */ = {isa = PBXFileReference; lastKnownFileType = sourcecode.swift; path = ExploreRewampViewModel.swift; sourceTree = "<group>"; };
		47AB5CDA24022EA80081858E /* Poppins-Medium.otf */ = {isa = PBXFileReference; lastKnownFileType = file; path = "Poppins-Medium.otf"; sourceTree = "<group>"; };
		47AB5CDB24022EA80081858E /* Poppins-Regular.otf */ = {isa = PBXFileReference; lastKnownFileType = file; path = "Poppins-Regular.otf"; sourceTree = "<group>"; };
		47AB5CDC24022EA80081858E /* Poppins-Bold.otf */ = {isa = PBXFileReference; lastKnownFileType = file; path = "Poppins-Bold.otf"; sourceTree = "<group>"; };
		47AB5CDD24022EA80081858E /* Poppins-ExtraBold.otf */ = {isa = PBXFileReference; lastKnownFileType = file; path = "Poppins-ExtraBold.otf"; sourceTree = "<group>"; };
		47AB5CDE24022EA80081858E /* Poppins-Light.otf */ = {isa = PBXFileReference; lastKnownFileType = file; path = "Poppins-Light.otf"; sourceTree = "<group>"; };
		47AB5CDF24022EA90081858E /* Poppins-Thin.otf */ = {isa = PBXFileReference; lastKnownFileType = file; path = "Poppins-Thin.otf"; sourceTree = "<group>"; };
		47AB5CE024022EA90081858E /* Poppins-SemiBold.otf */ = {isa = PBXFileReference; lastKnownFileType = file; path = "Poppins-SemiBold.otf"; sourceTree = "<group>"; };
/* End PBXFileReference section */

/* Begin PBXFrameworksBuildPhase section */
		47634B4023FA9AAF0049A37A /* Frameworks */ = {
			isa = PBXFrameworksBuildPhase;
			buildActionMask = 2147483647;
			files = (
			);
			runOnlyForDeploymentPostprocessing = 0;
		};
/* End PBXFrameworksBuildPhase section */

/* Begin PBXGroup section */
		472835CC2402B1C000327DC0 /* Recommended for you */ = {
			isa = PBXGroup;
			children = (
				472835D12402B57300327DC0 /* Song Cell */,
			);
			path = "Recommended for you";
			sourceTree = "<group>";
		};
		472835D12402B57300327DC0 /* Song Cell */ = {
			isa = PBXGroup;
			children = (
				472835D22402B5E100327DC0 /* SongCollectionViewCell.swift */,
				472835D32402B5E100327DC0 /* SongCollectionViewCell.xib */,
			);
			path = "Song Cell";
			sourceTree = "<group>";
		};
		472835DB2402CB0700327DC0 /* Enums */ = {
			isa = PBXGroup;
			children = (
				472835DC2402CB2300327DC0 /* CellType.swift */,
			);
			path = Enums;
			sourceTree = "<group>";
		};
		4757E91E242E71300077FF83 /* Explore Category Collection View Cell */ = {
			isa = PBXGroup;
			children = (
				4757E91F242E71630077FF83 /* ExploreCategoryCell.swift */,
				4757E920242E71630077FF83 /* ExploreCategoryCell.xib */,
			);
			path = "Explore Category Collection View Cell";
			sourceTree = "<group>";
		};
		47634B3A23FA9AAF0049A37A = {
			isa = PBXGroup;
			children = (
				47634B4523FA9AAF0049A37A /* gnome */,
				47634B4423FA9AAF0049A37A /* Products */,
			);
			sourceTree = "<group>";
		};
		47634B4423FA9AAF0049A37A /* Products */ = {
			isa = PBXGroup;
			children = (
				47634B4323FA9AAF0049A37A /* gnome.app */,
			);
			name = Products;
			sourceTree = "<group>";
		};
		47634B4523FA9AAF0049A37A /* gnome */ = {
			isa = PBXGroup;
			children = (
				47634B5A23FA9AC00049A37A /* Model */,
				47634B5B23FA9AC70049A37A /* Scene */,
				472835DB2402CB0700327DC0 /* Enums */,
				47634B5D23FA9AE30049A37A /* Helper */,
			);
			path = gnome;
			sourceTree = "<group>";
		};
		47634B5A23FA9AC00049A37A /* Model */ = {
			isa = PBXGroup;
			children = (
			);
			path = Model;
			sourceTree = "<group>";
		};
		47634B5B23FA9AC70049A37A /* Scene */ = {
			isa = PBXGroup;
			children = (
				47634B5E23FA9DDE0049A37A /* Explore */,
				47634B5F23FA9DF10049A37A /* Trending */,
				47634B6023FA9DFE0049A37A /* Search */,
				47634B6123FA9E090049A37A /* Library */,
				47634B6223FA9E160049A37A /* Settings */,
			);
			path = Scene;
			sourceTree = "<group>";
		};
		47634B5D23FA9AE30049A37A /* Helper */ = {
			isa = PBXGroup;
			children = (
				47AB5CC124022AA60081858E /* Fonts */,
				47634B4623FA9AAF0049A37A /* AppDelegate.swift */,
				47634B4823FA9AAF0049A37A /* SceneDelegate.swift */,
				47634B4F23FA9AB10049A37A /* Assets.xcassets */,
				47634B5123FA9AB10049A37A /* LaunchScreen.storyboard */,
				47634B5423FA9AB10049A37A /* Info.plist */,
			);
			name = Helper;
			sourceTree = "<group>";
		};
		47634B5E23FA9DDE0049A37A /* Explore */ = {
			isa = PBXGroup;
			children = (
				4798705C2412038600E15E56 /* Rewamp */,
				47AB5CE8240251830081858E /* Custom Views */,
				47634B6323FA9E460049A37A /* ExploreViewController.swift */,
				47634B6523FA9E760049A37A /* ExploreViewModel.swift */,
				47634B7923FA9F980049A37A /* Explore.storyboard */,
			);
			path = Explore;
			sourceTree = "<group>";
		};
		47634B5F23FA9DF10049A37A /* Trending */ = {
			isa = PBXGroup;
			children = (
				47634B6723FA9EA80049A37A /* TrendingViewController.swift */,
				47634B6923FA9EC80049A37A /* TrendingViewModel.swift */,
				47634B7B23FA9FA70049A37A /* Trending.storyboard */,
			);
			path = Trending;
			sourceTree = "<group>";
		};
		47634B6023FA9DFE0049A37A /* Search */ = {
			isa = PBXGroup;
			children = (
				47634B6B23FA9EE00049A37A /* SearchViewController.swift */,
				47634B6D23FA9F050049A37A /* SearchViewModel.swift */,
				47634B7D23FA9FAF0049A37A /* Search.storyboard */,
			);
			path = Search;
			sourceTree = "<group>";
		};
		47634B6123FA9E090049A37A /* Library */ = {
			isa = PBXGroup;
			children = (
				47634B6F23FA9F180049A37A /* LibraryViewController.swift */,
				47634B7123FA9F380049A37A /* LibraryViewModel.swift */,
				47634B7F23FA9FB90049A37A /* Library.storyboard */,
			);
			path = Library;
			sourceTree = "<group>";
		};
		47634B6223FA9E160049A37A /* Settings */ = {
			isa = PBXGroup;
			children = (
				47634B7323FA9F560049A37A /* SettingsViewController.swift */,
				47634B7523FA9F6D0049A37A /* SettingsViewModel.swift */,
				47634B8123FA9FC30049A37A /* Settings.storyboard */,
			);
			path = Settings;
			sourceTree = "<group>";
		};
		4798705C2412038600E15E56 /* Rewamp */ = {
			isa = PBXGroup;
			children = (
				47987058241202A000E15E56 /* ExploreRewampViewController.swift */,
				4798705A2412036900E15E56 /* ExploreRewampViewModel.swift */,
			);
			path = Rewamp;
			sourceTree = "<group>";
		};
		47AB5CC124022AA60081858E /* Fonts */ = {
			isa = PBXGroup;
			children = (
				47AB5CC224022ACF0081858E /* Poppins */,
			);
			name = Fonts;
			sourceTree = "<group>";
		};
		47AB5CC224022ACF0081858E /* Poppins */ = {
			isa = PBXGroup;
			children = (
				47AB5CDC24022EA80081858E /* Poppins-Bold.otf */,
				47AB5CDD24022EA80081858E /* Poppins-ExtraBold.otf */,
				47AB5CDE24022EA80081858E /* Poppins-Light.otf */,
				47AB5CDA24022EA80081858E /* Poppins-Medium.otf */,
				47AB5CDB24022EA80081858E /* Poppins-Regular.otf */,
				47AB5CE024022EA90081858E /* Poppins-SemiBold.otf */,
				47AB5CDF24022EA90081858E /* Poppins-Thin.otf */,
			);
			name = Poppins;
			sourceTree = "<group>";
		};
		47AB5CE8240251830081858E /* Custom Views */ = {
			isa = PBXGroup;
			children = (
				4757E91E242E71300077FF83 /* Explore Category Collection View Cell */,
				472835CC2402B1C000327DC0 /* Recommended for you */,
			);
			path = "Custom Views";
			sourceTree = "<group>";
		};
/* End PBXGroup section */

/* Begin PBXNativeTarget section */
		47634B4223FA9AAF0049A37A /* gnome */ = {
			isa = PBXNativeTarget;
			buildConfigurationList = 47634B5723FA9AB10049A37A /* Build configuration list for PBXNativeTarget "gnome" */;
			buildPhases = (
				47634B3F23FA9AAF0049A37A /* Sources */,
				47634B4023FA9AAF0049A37A /* Frameworks */,
				47634B4123FA9AAF0049A37A /* Resources */,
			);
			buildRules = (
			);
			dependencies = (
			);
			name = gnome;
			productName = gnome;
			productReference = 47634B4323FA9AAF0049A37A /* gnome.app */;
			productType = "com.apple.product-type.application";
		};
/* End PBXNativeTarget section */

/* Begin PBXProject section */
		47634B3B23FA9AAF0049A37A /* Project object */ = {
			isa = PBXProject;
			attributes = {
				LastSwiftUpdateCheck = 1130;
				LastUpgradeCheck = 1130;
				ORGANIZATIONNAME = "Hansa Anuradha";
				TargetAttributes = {
					47634B4223FA9AAF0049A37A = {
						CreatedOnToolsVersion = 11.3.1;
					};
				};
			};
			buildConfigurationList = 47634B3E23FA9AAF0049A37A /* Build configuration list for PBXProject "gnome" */;
			compatibilityVersion = "Xcode 9.3";
			developmentRegion = en;
			hasScannedForEncodings = 0;
			knownRegions = (
				en,
				Base,
			);
			mainGroup = 47634B3A23FA9AAF0049A37A;
			productRefGroup = 47634B4423FA9AAF0049A37A /* Products */;
			projectDirPath = "";
			projectRoot = "";
			targets = (
				47634B4223FA9AAF0049A37A /* gnome */,
			);
		};
/* End PBXProject section */

/* Begin PBXResourcesBuildPhase section */
		47634B4123FA9AAF0049A37A /* Resources */ = {
			isa = PBXResourcesBuildPhase;
			buildActionMask = 2147483647;
			files = (
				47AB5CE124022EA90081858E /* Poppins-Medium.otf in Resources */,
				472835D52402B5E100327DC0 /* SongCollectionViewCell.xib in Resources */,
				47634B5323FA9AB10049A37A /* LaunchScreen.storyboard in Resources */,
				47AB5CE324022EA90081858E /* Poppins-Bold.otf in Resources */,
				47634B7C23FA9FA70049A37A /* Trending.storyboard in Resources */,
				4757E922242E71630077FF83 /* ExploreCategoryCell.xib in Resources */,
				47634B7A23FA9F980049A37A /* Explore.storyboard in Resources */,
				47AB5CE624022EA90081858E /* Poppins-Thin.otf in Resources */,
				47AB5CE724022EA90081858E /* Poppins-SemiBold.otf in Resources */,
				47634B5023FA9AB10049A37A /* Assets.xcassets in Resources */,
				47634B8023FA9FB90049A37A /* Library.storyboard in Resources */,
				47AB5CE224022EA90081858E /* Poppins-Regular.otf in Resources */,
				47634B7E23FA9FAF0049A37A /* Search.storyboard in Resources */,
				47AB5CE424022EA90081858E /* Poppins-ExtraBold.otf in Resources */,
				47AB5CE524022EA90081858E /* Poppins-Light.otf in Resources */,
				47634B8223FA9FC30049A37A /* Settings.storyboard in Resources */,
			);
			runOnlyForDeploymentPostprocessing = 0;
		};
/* End PBXResourcesBuildPhase section */

/* Begin PBXSourcesBuildPhase section */
		47634B3F23FA9AAF0049A37A /* Sources */ = {
			isa = PBXSourcesBuildPhase;
			buildActionMask = 2147483647;
			files = (
				4798705B2412036900E15E56 /* ExploreRewampViewModel.swift in Sources */,
				47634B6623FA9E760049A37A /* ExploreViewModel.swift in Sources */,
				47634B6C23FA9EE00049A37A /* SearchViewController.swift in Sources */,
				47634B7423FA9F560049A37A /* SettingsViewController.swift in Sources */,
				47634B6E23FA9F050049A37A /* SearchViewModel.swift in Sources */,
				47634B6A23FA9EC80049A37A /* TrendingViewModel.swift in Sources */,
				47634B4723FA9AAF0049A37A /* AppDelegate.swift in Sources */,
				47634B6823FA9EA80049A37A /* TrendingViewController.swift in Sources */,
				47634B4923FA9AAF0049A37A /* SceneDelegate.swift in Sources */,
				47634B7023FA9F180049A37A /* LibraryViewController.swift in Sources */,
				47634B7223FA9F380049A37A /* LibraryViewModel.swift in Sources */,
				472835DD2402CB2300327DC0 /* CellType.swift in Sources */,
				47634B6423FA9E460049A37A /* ExploreViewController.swift in Sources */,
				47987059241202A000E15E56 /* ExploreRewampViewController.swift in Sources */,
				47634B7623FA9F6D0049A37A /* SettingsViewModel.swift in Sources */,
				472835D42402B5E100327DC0 /* SongCollectionViewCell.swift in Sources */,
				4757E921242E71630077FF83 /* ExploreCategoryCell.swift in Sources */,
			);
			runOnlyForDeploymentPostprocessing = 0;
		};
/* End PBXSourcesBuildPhase section */

/* Begin PBXVariantGroup section */
		47634B5123FA9AB10049A37A /* LaunchScreen.storyboard */ = {
			isa = PBXVariantGroup;
			children = (
				47634B5223FA9AB10049A37A /* Base */,
			);
			name = LaunchScreen.storyboard;
			sourceTree = "<group>";
		};
/* End PBXVariantGroup section */

/* Begin XCBuildConfiguration section */
		47634B5523FA9AB10049A37A /* Debug */ = {
			isa = XCBuildConfiguration;
			buildSettings = {
				ALWAYS_SEARCH_USER_PATHS = NO;
				CLANG_ANALYZER_NONNULL = YES;
				CLANG_ANALYZER_NUMBER_OBJECT_CONVERSION = YES_AGGRESSIVE;
				CLANG_CXX_LANGUAGE_STANDARD = "gnu++14";
				CLANG_CXX_LIBRARY = "libc++";
				CLANG_ENABLE_MODULES = YES;
				CLANG_ENABLE_OBJC_ARC = YES;
				CLANG_ENABLE_OBJC_WEAK = YES;
				CLANG_WARN_BLOCK_CAPTURE_AUTORELEASING = YES;
				CLANG_WARN_BOOL_CONVERSION = YES;
				CLANG_WARN_COMMA = YES;
				CLANG_WARN_CONSTANT_CONVERSION = YES;
				CLANG_WARN_DEPRECATED_OBJC_IMPLEMENTATIONS = YES;
				CLANG_WARN_DIRECT_OBJC_ISA_USAGE = YES_ERROR;
				CLANG_WARN_DOCUMENTATION_COMMENTS = YES;
				CLANG_WARN_EMPTY_BODY = YES;
				CLANG_WARN_ENUM_CONVERSION = YES;
				CLANG_WARN_INFINITE_RECURSION = YES;
				CLANG_WARN_INT_CONVERSION = YES;
				CLANG_WARN_NON_LITERAL_NULL_CONVERSION = YES;
				CLANG_WARN_OBJC_IMPLICIT_RETAIN_SELF = YES;
				CLANG_WARN_OBJC_LITERAL_CONVERSION = YES;
				CLANG_WARN_OBJC_ROOT_CLASS = YES_ERROR;
				CLANG_WARN_RANGE_LOOP_ANALYSIS = YES;
				CLANG_WARN_STRICT_PROTOTYPES = YES;
				CLANG_WARN_SUSPICIOUS_MOVE = YES;
				CLANG_WARN_UNGUARDED_AVAILABILITY = YES_AGGRESSIVE;
				CLANG_WARN_UNREACHABLE_CODE = YES;
				CLANG_WARN__DUPLICATE_METHOD_MATCH = YES;
				COPY_PHASE_STRIP = NO;
				DEBUG_INFORMATION_FORMAT = dwarf;
				ENABLE_STRICT_OBJC_MSGSEND = YES;
				ENABLE_TESTABILITY = YES;
				GCC_C_LANGUAGE_STANDARD = gnu11;
				GCC_DYNAMIC_NO_PIC = NO;
				GCC_NO_COMMON_BLOCKS = YES;
				GCC_OPTIMIZATION_LEVEL = 0;
				GCC_PREPROCESSOR_DEFINITIONS = (
					"DEBUG=1",
					"$(inherited)",
				);
				GCC_WARN_64_TO_32_BIT_CONVERSION = YES;
				GCC_WARN_ABOUT_RETURN_TYPE = YES_ERROR;
				GCC_WARN_UNDECLARED_SELECTOR = YES;
				GCC_WARN_UNINITIALIZED_AUTOS = YES_AGGRESSIVE;
				GCC_WARN_UNUSED_FUNCTION = YES;
				GCC_WARN_UNUSED_VARIABLE = YES;
				IPHONEOS_DEPLOYMENT_TARGET = 13.2;
				MTL_ENABLE_DEBUG_INFO = INCLUDE_SOURCE;
				MTL_FAST_MATH = YES;
				ONLY_ACTIVE_ARCH = YES;
				SDKROOT = iphoneos;
				SWIFT_ACTIVE_COMPILATION_CONDITIONS = DEBUG;
				SWIFT_OPTIMIZATION_LEVEL = "-Onone";
			};
			name = Debug;
		};
		47634B5623FA9AB10049A37A /* Release */ = {
			isa = XCBuildConfiguration;
			buildSettings = {
				ALWAYS_SEARCH_USER_PATHS = NO;
				CLANG_ANALYZER_NONNULL = YES;
				CLANG_ANALYZER_NUMBER_OBJECT_CONVERSION = YES_AGGRESSIVE;
				CLANG_CXX_LANGUAGE_STANDARD = "gnu++14";
				CLANG_CXX_LIBRARY = "libc++";
				CLANG_ENABLE_MODULES = YES;
				CLANG_ENABLE_OBJC_ARC = YES;
				CLANG_ENABLE_OBJC_WEAK = YES;
				CLANG_WARN_BLOCK_CAPTURE_AUTORELEASING = YES;
				CLANG_WARN_BOOL_CONVERSION = YES;
				CLANG_WARN_COMMA = YES;
				CLANG_WARN_CONSTANT_CONVERSION = YES;
				CLANG_WARN_DEPRECATED_OBJC_IMPLEMENTATIONS = YES;
				CLANG_WARN_DIRECT_OBJC_ISA_USAGE = YES_ERROR;
				CLANG_WARN_DOCUMENTATION_COMMENTS = YES;
				CLANG_WARN_EMPTY_BODY = YES;
				CLANG_WARN_ENUM_CONVERSION = YES;
				CLANG_WARN_INFINITE_RECURSION = YES;
				CLANG_WARN_INT_CONVERSION = YES;
				CLANG_WARN_NON_LITERAL_NULL_CONVERSION = YES;
				CLANG_WARN_OBJC_IMPLICIT_RETAIN_SELF = YES;
				CLANG_WARN_OBJC_LITERAL_CONVERSION = YES;
				CLANG_WARN_OBJC_ROOT_CLASS = YES_ERROR;
				CLANG_WARN_RANGE_LOOP_ANALYSIS = YES;
				CLANG_WARN_STRICT_PROTOTYPES = YES;
				CLANG_WARN_SUSPICIOUS_MOVE = YES;
				CLANG_WARN_UNGUARDED_AVAILABILITY = YES_AGGRESSIVE;
				CLANG_WARN_UNREACHABLE_CODE = YES;
				CLANG_WARN__DUPLICATE_METHOD_MATCH = YES;
				COPY_PHASE_STRIP = NO;
				DEBUG_INFORMATION_FORMAT = "dwarf-with-dsym";
				ENABLE_NS_ASSERTIONS = NO;
				ENABLE_STRICT_OBJC_MSGSEND = YES;
				GCC_C_LANGUAGE_STANDARD = gnu11;
				GCC_NO_COMMON_BLOCKS = YES;
				GCC_WARN_64_TO_32_BIT_CONVERSION = YES;
				GCC_WARN_ABOUT_RETURN_TYPE = YES_ERROR;
				GCC_WARN_UNDECLARED_SELECTOR = YES;
				GCC_WARN_UNINITIALIZED_AUTOS = YES_AGGRESSIVE;
				GCC_WARN_UNUSED_FUNCTION = YES;
				GCC_WARN_UNUSED_VARIABLE = YES;
				IPHONEOS_DEPLOYMENT_TARGET = 13.2;
				MTL_ENABLE_DEBUG_INFO = NO;
				MTL_FAST_MATH = YES;
				SDKROOT = iphoneos;
				SWIFT_COMPILATION_MODE = wholemodule;
				SWIFT_OPTIMIZATION_LEVEL = "-O";
				VALIDATE_PRODUCT = YES;
			};
			name = Release;
		};
		47634B5823FA9AB10049A37A /* Debug */ = {
			isa = XCBuildConfiguration;
			buildSettings = {
				ASSETCATALOG_COMPILER_APPICON_NAME = AppIcon;
				CODE_SIGN_STYLE = Automatic;
				DEVELOPMENT_TEAM = 7BXSU3YQGA;
				INFOPLIST_FILE = gnome/Info.plist;
				LD_RUNPATH_SEARCH_PATHS = (
					"$(inherited)",
					"@executable_path/Frameworks",
				);
				PRODUCT_BUNDLE_IDENTIFIER = com.castleCode.gnome;
				PRODUCT_NAME = "$(TARGET_NAME)";
				SWIFT_VERSION = 5.0;
				TARGETED_DEVICE_FAMILY = 1;
			};
			name = Debug;
		};
		47634B5923FA9AB10049A37A /* Release */ = {
			isa = XCBuildConfiguration;
			buildSettings = {
				ASSETCATALOG_COMPILER_APPICON_NAME = AppIcon;
				CODE_SIGN_STYLE = Automatic;
				DEVELOPMENT_TEAM = 7BXSU3YQGA;
				INFOPLIST_FILE = gnome/Info.plist;
				LD_RUNPATH_SEARCH_PATHS = (
					"$(inherited)",
					"@executable_path/Frameworks",
				);
				PRODUCT_BUNDLE_IDENTIFIER = com.castleCode.gnome;
				PRODUCT_NAME = "$(TARGET_NAME)";
				SWIFT_VERSION = 5.0;
				TARGETED_DEVICE_FAMILY = 1;
			};
			name = Release;
		};
/* End XCBuildConfiguration section */

/* Begin XCConfigurationList section */
		47634B3E23FA9AAF0049A37A /* Build configuration list for PBXProject "gnome" */ = {
			isa = XCConfigurationList;
			buildConfigurations = (
				47634B5523FA9AB10049A37A /* Debug */,
				47634B5623FA9AB10049A37A /* Release */,
			);
			defaultConfigurationIsVisible = 0;
			defaultConfigurationName = Release;
		};
		47634B5723FA9AB10049A37A /* Build configuration list for PBXNativeTarget "gnome" */ = {
			isa = XCConfigurationList;
			buildConfigurations = (
				47634B5823FA9AB10049A37A /* Debug */,
				47634B5923FA9AB10049A37A /* Release */,
			);
			defaultConfigurationIsVisible = 0;
			defaultConfigurationName = Release;
		};
/* End XCConfigurationList section */
	};
	rootObject = 47634B3B23FA9AAF0049A37A /* Project object */;
}
